// !$*UTF8*$!
{
	archiveVersion = 1;
	classes = {
	};
	objectVersion = 50;
	objects = {

/* Begin PBXBuildFile section */
		000413F524D4071200150EE0 /* main.c in Sources */ = {isa = PBXBuildFile; fileRef = 000413F424D4071200150EE0 /* main.c */; };
		0004140224D40CC200150EE0 /* main.c in Sources */ = {isa = PBXBuildFile; fileRef = 0004140124D40CC200150EE0 /* main.c */; };
		0004142024D410F400150EE0 /* main.c in Sources */ = {isa = PBXBuildFile; fileRef = 0004141F24D410F400150EE0 /* main.c */; };
		0004142B24D411B100150EE0 /* main.c in Sources */ = {isa = PBXBuildFile; fileRef = 0004142A24D411B100150EE0 /* main.c */; };
		0004143624D4183000150EE0 /* main.c in Sources */ = {isa = PBXBuildFile; fileRef = 0004143524D4183000150EE0 /* main.c */; };
		0004144124D420C000150EE0 /* main.c in Sources */ = {isa = PBXBuildFile; fileRef = 0004144024D420C000150EE0 /* main.c */; };
		0004144C24D4238000150EE0 /* main.c in Sources */ = {isa = PBXBuildFile; fileRef = 0004144B24D4238000150EE0 /* main.c */; };
		0004145724D43E2600150EE0 /* main.c in Sources */ = {isa = PBXBuildFile; fileRef = 0004145624D43E2600150EE0 /* main.c */; };
/* End PBXBuildFile section */

/* Begin PBXCopyFilesBuildPhase section */
		000413EF24D4071200150EE0 /* CopyFiles */ = {
			isa = PBXCopyFilesBuildPhase;
			buildActionMask = 2147483647;
			dstPath = /usr/share/man/man1/;
			dstSubfolderSpec = 0;
			files = (
			);
			runOnlyForDeploymentPostprocessing = 1;
		};
		000413FD24D40CC200150EE0 /* CopyFiles */ = {
			isa = PBXCopyFilesBuildPhase;
			buildActionMask = 2147483647;
			dstPath = /usr/share/man/man1/;
			dstSubfolderSpec = 0;
			files = (
			);
			runOnlyForDeploymentPostprocessing = 1;
		};
		0004141B24D410F400150EE0 /* CopyFiles */ = {
			isa = PBXCopyFilesBuildPhase;
			buildActionMask = 2147483647;
			dstPath = /usr/share/man/man1/;
			dstSubfolderSpec = 0;
			files = (
			);
			runOnlyForDeploymentPostprocessing = 1;
		};
		0004142624D411B100150EE0 /* CopyFiles */ = {
			isa = PBXCopyFilesBuildPhase;
			buildActionMask = 2147483647;
			dstPath = /usr/share/man/man1/;
			dstSubfolderSpec = 0;
			files = (
			);
			runOnlyForDeploymentPostprocessing = 1;
		};
		0004143124D4183000150EE0 /* CopyFiles */ = {
			isa = PBXCopyFilesBuildPhase;
			buildActionMask = 2147483647;
			dstPath = /usr/share/man/man1/;
			dstSubfolderSpec = 0;
			files = (
			);
			runOnlyForDeploymentPostprocessing = 1;
		};
		0004143C24D420C000150EE0 /* CopyFiles */ = {
			isa = PBXCopyFilesBuildPhase;
			buildActionMask = 2147483647;
			dstPath = /usr/share/man/man1/;
			dstSubfolderSpec = 0;
			files = (
			);
			runOnlyForDeploymentPostprocessing = 1;
		};
		0004144724D4238000150EE0 /* CopyFiles */ = {
			isa = PBXCopyFilesBuildPhase;
			buildActionMask = 2147483647;
			dstPath = /usr/share/man/man1/;
			dstSubfolderSpec = 0;
			files = (
			);
			runOnlyForDeploymentPostprocessing = 1;
		};
		0004145224D43E2600150EE0 /* CopyFiles */ = {
			isa = PBXCopyFilesBuildPhase;
			buildActionMask = 2147483647;
			dstPath = /usr/share/man/man1/;
			dstSubfolderSpec = 0;
			files = (
			);
			runOnlyForDeploymentPostprocessing = 1;
		};
/* End PBXCopyFilesBuildPhase section */

/* Begin PBXFileReference section */
		000413F124D4071200150EE0 /* 7-31 */ = {isa = PBXFileReference; explicitFileType = "compiled.mach-o.executable"; includeInIndex = 0; path = "7-31"; sourceTree = BUILT_PRODUCTS_DIR; };
		000413F424D4071200150EE0 /* main.c */ = {isa = PBXFileReference; lastKnownFileType = sourcecode.c.c; path = main.c; sourceTree = "<group>"; };
		000413FF24D40CC200150EE0 /* 练习2-2 */ = {isa = PBXFileReference; explicitFileType = "compiled.mach-o.executable"; includeInIndex = 0; path = "练习2-2"; sourceTree = BUILT_PRODUCTS_DIR; };
		0004140124D40CC200150EE0 /* main.c */ = {isa = PBXFileReference; lastKnownFileType = sourcecode.c.c; path = main.c; sourceTree = "<group>"; };
		0004141D24D410F400150EE0 /* 练习2-3 */ = {isa = PBXFileReference; explicitFileType = "compiled.mach-o.executable"; includeInIndex = 0; path = "练习2-3"; sourceTree = BUILT_PRODUCTS_DIR; };
		0004141F24D410F400150EE0 /* main.c */ = {isa = PBXFileReference; lastKnownFileType = sourcecode.c.c; path = main.c; sourceTree = "<group>"; };
		0004142824D411B100150EE0 /* 练习2-4 */ = {isa = PBXFileReference; explicitFileType = "compiled.mach-o.executable"; includeInIndex = 0; path = "练习2-4"; sourceTree = BUILT_PRODUCTS_DIR; };
		0004142A24D411B100150EE0 /* main.c */ = {isa = PBXFileReference; lastKnownFileType = sourcecode.c.c; path = main.c; sourceTree = "<group>"; };
		0004143324D4183000150EE0 /* 练习2-5 */ = {isa = PBXFileReference; explicitFileType = "compiled.mach-o.executable"; includeInIndex = 0; path = "练习2-5"; sourceTree = BUILT_PRODUCTS_DIR; };
		0004143524D4183000150EE0 /* main.c */ = {isa = PBXFileReference; lastKnownFileType = sourcecode.c.c; path = main.c; sourceTree = "<group>"; };
		0004143E24D420C000150EE0 /* 练习2-6 */ = {isa = PBXFileReference; explicitFileType = "compiled.mach-o.executable"; includeInIndex = 0; path = "练习2-6"; sourceTree = BUILT_PRODUCTS_DIR; };
		0004144024D420C000150EE0 /* main.c */ = {isa = PBXFileReference; lastKnownFileType = sourcecode.c.c; path = main.c; sourceTree = "<group>"; };
		0004144924D4238000150EE0 /* 阶乘表 */ = {isa = PBXFileReference; explicitFileType = "compiled.mach-o.executable"; includeInIndex = 0; path = "阶乘表"; sourceTree = BUILT_PRODUCTS_DIR; };
		0004144B24D4238000150EE0 /* main.c */ = {isa = PBXFileReference; lastKnownFileType = sourcecode.c.c; path = main.c; sourceTree = "<group>"; };
		0004145424D43E2600150EE0 /* 华氏温度 */ = {isa = PBXFileReference; explicitFileType = "compiled.mach-o.executable"; includeInIndex = 0; path = "华氏温度"; sourceTree = BUILT_PRODUCTS_DIR; };
		0004145624D43E2600150EE0 /* main.c */ = {isa = PBXFileReference; lastKnownFileType = sourcecode.c.c; path = main.c; sourceTree = "<group>"; };
/* End PBXFileReference section */

/* Begin PBXFrameworksBuildPhase section */
		000413EE24D4071200150EE0 /* Frameworks */ = {
			isa = PBXFrameworksBuildPhase;
			buildActionMask = 2147483647;
			files = (
			);
			runOnlyForDeploymentPostprocessing = 0;
		};
		000413FC24D40CC200150EE0 /* Frameworks */ = {
			isa = PBXFrameworksBuildPhase;
			buildActionMask = 2147483647;
			files = (
			);
			runOnlyForDeploymentPostprocessing = 0;
		};
		0004141A24D410F400150EE0 /* Frameworks */ = {
			isa = PBXFrameworksBuildPhase;
			buildActionMask = 2147483647;
			files = (
			);
			runOnlyForDeploymentPostprocessing = 0;
		};
		0004142524D411B100150EE0 /* Frameworks */ = {
			isa = PBXFrameworksBuildPhase;
			buildActionMask = 2147483647;
			files = (
			);
			runOnlyForDeploymentPostprocessing = 0;
		};
		0004143024D4183000150EE0 /* Frameworks */ = {
			isa = PBXFrameworksBuildPhase;
			buildActionMask = 2147483647;
			files = (
			);
			runOnlyForDeploymentPostprocessing = 0;
		};
		0004143B24D420C000150EE0 /* Frameworks */ = {
			isa = PBXFrameworksBuildPhase;
			buildActionMask = 2147483647;
			files = (
			);
			runOnlyForDeploymentPostprocessing = 0;
		};
		0004144624D4238000150EE0 /* Frameworks */ = {
			isa = PBXFrameworksBuildPhase;
			buildActionMask = 2147483647;
			files = (
			);
			runOnlyForDeploymentPostprocessing = 0;
		};
		0004145124D43E2600150EE0 /* Frameworks */ = {
			isa = PBXFrameworksBuildPhase;
			buildActionMask = 2147483647;
			files = (
			);
			runOnlyForDeploymentPostprocessing = 0;
		};
/* End PBXFrameworksBuildPhase section */

/* Begin PBXGroup section */
		000413E824D4071200150EE0 = {
			isa = PBXGroup;
			children = (
				000413F324D4071200150EE0 /* 练习2-1 */,
				0004140024D40CC200150EE0 /* 练习2-2 */,
				0004141E24D410F400150EE0 /* 练习2-3 */,
				0004142924D411B100150EE0 /* 练习2-4 */,
				0004143424D4183000150EE0 /* 练习2-5 */,
				0004143F24D420C000150EE0 /* 练习2-6 */,
				0004144A24D4238000150EE0 /* 阶乘表优化 */,
				0004145524D43E2600150EE0 /* 华氏温度 */,
				000413F224D4071200150EE0 /* Products */,
			);
			sourceTree = "<group>";
		};
		000413F224D4071200150EE0 /* Products */ = {
			isa = PBXGroup;
			children = (
				000413F124D4071200150EE0 /* 7-31 */,
				000413FF24D40CC200150EE0 /* 练习2-2 */,
				0004141D24D410F400150EE0 /* 练习2-3 */,
				0004142824D411B100150EE0 /* 练习2-4 */,
				0004143324D4183000150EE0 /* 练习2-5 */,
				0004143E24D420C000150EE0 /* 练习2-6 */,
				0004144924D4238000150EE0 /* 阶乘表 */,
				0004145424D43E2600150EE0 /* 华氏温度 */,
			);
			name = Products;
			sourceTree = "<group>";
		};
		000413F324D4071200150EE0 /* 练习2-1 */ = {
			isa = PBXGroup;
			children = (
				000413F424D4071200150EE0 /* main.c */,
			);
			path = "练习2-1";
			sourceTree = "<group>";
		};
		0004140024D40CC200150EE0 /* 练习2-2 */ = {
			isa = PBXGroup;
			children = (
				0004140124D40CC200150EE0 /* main.c */,
			);
			path = "练习2-2";
			sourceTree = "<group>";
		};
		0004141E24D410F400150EE0 /* 练习2-3 */ = {
			isa = PBXGroup;
			children = (
				0004141F24D410F400150EE0 /* main.c */,
			);
			path = "练习2-3";
			sourceTree = "<group>";
		};
		0004142924D411B100150EE0 /* 练习2-4 */ = {
			isa = PBXGroup;
			children = (
				0004142A24D411B100150EE0 /* main.c */,
			);
			path = "练习2-4";
			sourceTree = "<group>";
		};
		0004143424D4183000150EE0 /* 练习2-5 */ = {
			isa = PBXGroup;
			children = (
				0004143524D4183000150EE0 /* main.c */,
			);
			path = "练习2-5";
			sourceTree = "<group>";
		};
		0004143F24D420C000150EE0 /* 练习2-6 */ = {
			isa = PBXGroup;
			children = (
				0004144024D420C000150EE0 /* main.c */,
			);
			path = "练习2-6";
			sourceTree = "<group>";
		};
		0004144A24D4238000150EE0 /* 阶乘表优化 */ = {
			isa = PBXGroup;
			children = (
				0004144B24D4238000150EE0 /* main.c */,
			);
			path = "阶乘表优化";
			sourceTree = "<group>";
		};
		0004145524D43E2600150EE0 /* 华氏温度 */ = {
			isa = PBXGroup;
			children = (
				0004145624D43E2600150EE0 /* main.c */,
			);
			path = "华氏温度";
			sourceTree = "<group>";
		};
/* End PBXGroup section */

/* Begin PBXNativeTarget section */
		000413F024D4071200150EE0 /* 7-31 */ = {
			isa = PBXNativeTarget;
			buildConfigurationList = 000413F824D4071200150EE0 /* Build configuration list for PBXNativeTarget "7-31" */;
			buildPhases = (
				000413ED24D4071200150EE0 /* Sources */,
				000413EE24D4071200150EE0 /* Frameworks */,
				000413EF24D4071200150EE0 /* CopyFiles */,
			);
			buildRules = (
			);
			dependencies = (
			);
			name = "7-31";
			productName = "7-31";
			productReference = 000413F124D4071200150EE0 /* 7-31 */;
			productType = "com.apple.product-type.tool";
		};
		000413FE24D40CC200150EE0 /* 练习2-2 */ = {
			isa = PBXNativeTarget;
			buildConfigurationList = 0004140324D40CC200150EE0 /* Build configuration list for PBXNativeTarget "练习2-2" */;
			buildPhases = (
				000413FB24D40CC200150EE0 /* Sources */,
				000413FC24D40CC200150EE0 /* Frameworks */,
				000413FD24D40CC200150EE0 /* CopyFiles */,
			);
			buildRules = (
			);
			dependencies = (
			);
			name = "练习2-2";
			productName = "练习2-2";
			productReference = 000413FF24D40CC200150EE0 /* 练习2-2 */;
			productType = "com.apple.product-type.tool";
		};
		0004141C24D410F400150EE0 /* 练习2-3 */ = {
			isa = PBXNativeTarget;
			buildConfigurationList = 0004142124D410F400150EE0 /* Build configuration list for PBXNativeTarget "练习2-3" */;
			buildPhases = (
				0004141924D410F400150EE0 /* Sources */,
				0004141A24D410F400150EE0 /* Frameworks */,
				0004141B24D410F400150EE0 /* CopyFiles */,
			);
			buildRules = (
			);
			dependencies = (
			);
			name = "练习2-3";
			productName = "练习2-3";
			productReference = 0004141D24D410F400150EE0 /* 练习2-3 */;
			productType = "com.apple.product-type.tool";
		};
		0004142724D411B100150EE0 /* 练习2-4 */ = {
			isa = PBXNativeTarget;
			buildConfigurationList = 0004142C24D411B100150EE0 /* Build configuration list for PBXNativeTarget "练习2-4" */;
			buildPhases = (
				0004142424D411B100150EE0 /* Sources */,
				0004142524D411B100150EE0 /* Frameworks */,
				0004142624D411B100150EE0 /* CopyFiles */,
			);
			buildRules = (
			);
			dependencies = (
			);
			name = "练习2-4";
			productName = "练习2-4";
			productReference = 0004142824D411B100150EE0 /* 练习2-4 */;
			productType = "com.apple.product-type.tool";
		};
		0004143224D4183000150EE0 /* 练习2-5 */ = {
			isa = PBXNativeTarget;
			buildConfigurationList = 0004143724D4183000150EE0 /* Build configuration list for PBXNativeTarget "练习2-5" */;
			buildPhases = (
				0004142F24D4183000150EE0 /* Sources */,
				0004143024D4183000150EE0 /* Frameworks */,
				0004143124D4183000150EE0 /* CopyFiles */,
			);
			buildRules = (
			);
			dependencies = (
			);
			name = "练习2-5";
			productName = "练习2-5";
			productReference = 0004143324D4183000150EE0 /* 练习2-5 */;
			productType = "com.apple.product-type.tool";
		};
		0004143D24D420C000150EE0 /* 练习2-6 */ = {
			isa = PBXNativeTarget;
			buildConfigurationList = 0004144224D420C000150EE0 /* Build configuration list for PBXNativeTarget "练习2-6" */;
			buildPhases = (
				0004143A24D420C000150EE0 /* Sources */,
				0004143B24D420C000150EE0 /* Frameworks */,
				0004143C24D420C000150EE0 /* CopyFiles */,
			);
			buildRules = (
			);
			dependencies = (
			);
			name = "练习2-6";
			productName = "练习2-6";
			productReference = 0004143E24D420C000150EE0 /* 练习2-6 */;
			productType = "com.apple.product-type.tool";
		};
		0004144824D4238000150EE0 /* 阶乘表 */ = {
			isa = PBXNativeTarget;
			buildConfigurationList = 0004144D24D4238000150EE0 /* Build configuration list for PBXNativeTarget "阶乘表" */;
			buildPhases = (
				0004144524D4238000150EE0 /* Sources */,
				0004144624D4238000150EE0 /* Frameworks */,
				0004144724D4238000150EE0 /* CopyFiles */,
			);
			buildRules = (
			);
			dependencies = (
			);
			name = "阶乘表";
			productName = "阶乘表";
			productReference = 0004144924D4238000150EE0 /* 阶乘表 */;
			productType = "com.apple.product-type.tool";
		};
		0004145324D43E2600150EE0 /* 华氏温度 */ = {
			isa = PBXNativeTarget;
			buildConfigurationList = 0004145A24D43E2600150EE0 /* Build configuration list for PBXNativeTarget "华氏温度" */;
			buildPhases = (
				0004145024D43E2600150EE0 /* Sources */,
				0004145124D43E2600150EE0 /* Frameworks */,
				0004145224D43E2600150EE0 /* CopyFiles */,
			);
			buildRules = (
			);
			dependencies = (
			);
			name = "华氏温度";
			productName = "华氏温度";
			productReference = 0004145424D43E2600150EE0 /* 华氏温度 */;
			productType = "com.apple.product-type.tool";
		};
/* End PBXNativeTarget section */

/* Begin PBXProject section */
		000413E924D4071200150EE0 /* Project object */ = {
			isa = PBXProject;
			attributes = {
				LastUpgradeCheck = 1130;
				ORGANIZATIONNAME = edz;
				TargetAttributes = {
					000413F024D4071200150EE0 = {
						CreatedOnToolsVersion = 11.3.1;
					};
					000413FE24D40CC200150EE0 = {
						CreatedOnToolsVersion = 11.3.1;
					};
					0004141C24D410F400150EE0 = {
						CreatedOnToolsVersion = 11.3.1;
					};
					0004142724D411B100150EE0 = {
						CreatedOnToolsVersion = 11.3.1;
					};
					0004143224D4183000150EE0 = {
						CreatedOnToolsVersion = 11.3.1;
					};
					0004143D24D420C000150EE0 = {
						CreatedOnToolsVersion = 11.3.1;
					};
					0004144824D4238000150EE0 = {
						CreatedOnToolsVersion = 11.3.1;
					};
					0004145324D43E2600150EE0 = {
						CreatedOnToolsVersion = 11.3.1;
					};
				};
			};
			buildConfigurationList = 000413EC24D4071200150EE0 /* Build configuration list for PBXProject "7-31" */;
			compatibilityVersion = "Xcode 9.3";
			developmentRegion = en;
			hasScannedForEncodings = 0;
			knownRegions = (
				en,
				Base,
			);
			mainGroup = 000413E824D4071200150EE0;
			productRefGroup = 000413F224D4071200150EE0 /* Products */;
			projectDirPath = "";
			projectRoot = "";
			targets = (
				000413F024D4071200150EE0 /* 7-31 */,
				000413FE24D40CC200150EE0 /* 练习2-2 */,
				0004141C24D410F400150EE0 /* 练习2-3 */,
				0004142724D411B100150EE0 /* 练习2-4 */,
				0004143224D4183000150EE0 /* 练习2-5 */,
				0004143D24D420C000150EE0 /* 练习2-6 */,
				0004144824D4238000150EE0 /* 阶乘表 */,
				0004145324D43E2600150EE0 /* 华氏温度 */,
			);
		};
/* End PBXProject section */

/* Begin PBXSourcesBuildPhase section */
		000413ED24D4071200150EE0 /* Sources */ = {
			isa = PBXSourcesBuildPhase;
			buildActionMask = 2147483647;
			files = (
				000413F524D4071200150EE0 /* main.c in Sources */,
			);
			runOnlyForDeploymentPostprocessing = 0;
		};
		000413FB24D40CC200150EE0 /* Sources */ = {
			isa = PBXSourcesBuildPhase;
			buildActionMask = 2147483647;
			files = (
				0004140224D40CC200150EE0 /* main.c in Sources */,
			);
			runOnlyForDeploymentPostprocessing = 0;
		};
		0004141924D410F400150EE0 /* Sources */ = {
			isa = PBXSourcesBuildPhase;
			buildActionMask = 2147483647;
			files = (
				0004142024D410F400150EE0 /* main.c in Sources */,
			);
			runOnlyForDeploymentPostprocessing = 0;
		};
		0004142424D411B100150EE0 /* Sources */ = {
			isa = PBXSourcesBuildPhase;
			buildActionMask = 2147483647;
			files = (
				0004142B24D411B100150EE0 /* main.c in Sources */,
			);
			runOnlyForDeploymentPostprocessing = 0;
		};
		0004142F24D4183000150EE0 /* Sources */ = {
			isa = PBXSourcesBuildPhase;
			buildActionMask = 2147483647;
			files = (
				0004143624D4183000150EE0 /* main.c in Sources */,
			);
			runOnlyForDeploymentPostprocessing = 0;
		};
		0004143A24D420C000150EE0 /* Sources */ = {
			isa = PBXSourcesBuildPhase;
			buildActionMask = 2147483647;
			files = (
				0004144124D420C000150EE0 /* main.c in Sources */,
			);
			runOnlyForDeploymentPostprocessing = 0;
		};
		0004144524D4238000150EE0 /* Sources */ = {
			isa = PBXSourcesBuildPhase;
			buildActionMask = 2147483647;
			files = (
				0004144C24D4238000150EE0 /* main.c in Sources */,
			);
			runOnlyForDeploymentPostprocessing = 0;
		};
		0004145024D43E2600150EE0 /* Sources */ = {
			isa = PBXSourcesBuildPhase;
			buildActionMask = 2147483647;
			files = (
				0004145724D43E2600150EE0 /* main.c in Sources */,
			);
			runOnlyForDeploymentPostprocessing = 0;
		};
/* End PBXSourcesBuildPhase section */

/* Begin XCBuildConfiguration section */
		000413F624D4071200150EE0 /* Debug */ = {
			isa = XCBuildConfiguration;
			buildSettings = {
				ALWAYS_SEARCH_USER_PATHS = NO;
				CLANG_ANALYZER_NONNULL = YES;
				CLANG_ANALYZER_NUMBER_OBJECT_CONVERSION = YES_AGGRESSIVE;
				CLANG_CXX_LANGUAGE_STANDARD = "gnu++14";
				CLANG_CXX_LIBRARY = "libc++";
				CLANG_ENABLE_MODULES = YES;
				CLANG_ENABLE_OBJC_ARC = YES;
				CLANG_ENABLE_OBJC_WEAK = YES;
				CLANG_WARN_BLOCK_CAPTURE_AUTORELEASING = YES;
				CLANG_WARN_BOOL_CONVERSION = YES;
				CLANG_WARN_COMMA = YES;
				CLANG_WARN_CONSTANT_CONVERSION = YES;
				CLANG_WARN_DEPRECATED_OBJC_IMPLEMENTATIONS = YES;
				CLANG_WARN_DIRECT_OBJC_ISA_USAGE = YES_ERROR;
				CLANG_WARN_DOCUMENTATION_COMMENTS = YES;
				CLANG_WARN_EMPTY_BODY = YES;
				CLANG_WARN_ENUM_CONVERSION = YES;
				CLANG_WARN_INFINITE_RECURSION = YES;
				CLANG_WARN_INT_CONVERSION = YES;
				CLANG_WARN_NON_LITERAL_NULL_CONVERSION = YES;
				CLANG_WARN_OBJC_IMPLICIT_RETAIN_SELF = YES;
				CLANG_WARN_OBJC_LITERAL_CONVERSION = YES;
				CLANG_WARN_OBJC_ROOT_CLASS = YES_ERROR;
				CLANG_WARN_RANGE_LOOP_ANALYSIS = YES;
				CLANG_WARN_STRICT_PROTOTYPES = YES;
				CLANG_WARN_SUSPICIOUS_MOVE = YES;
				CLANG_WARN_UNGUARDED_AVAILABILITY = YES_AGGRESSIVE;
				CLANG_WARN_UNREACHABLE_CODE = YES;
				CLANG_WARN__DUPLICATE_METHOD_MATCH = YES;
				COPY_PHASE_STRIP = NO;
				DEBUG_INFORMATION_FORMAT = dwarf;
				ENABLE_STRICT_OBJC_MSGSEND = YES;
				ENABLE_TESTABILITY = YES;
				GCC_C_LANGUAGE_STANDARD = gnu11;
				GCC_DYNAMIC_NO_PIC = NO;
				GCC_NO_COMMON_BLOCKS = YES;
				GCC_OPTIMIZATION_LEVEL = 0;
				GCC_PREPROCESSOR_DEFINITIONS = (
					"DEBUG=1",
					"$(inherited)",
				);
				GCC_WARN_64_TO_32_BIT_CONVERSION = YES;
				GCC_WARN_ABOUT_RETURN_TYPE = YES_ERROR;
				GCC_WARN_UNDECLARED_SELECTOR = YES;
				GCC_WARN_UNINITIALIZED_AUTOS = YES_AGGRESSIVE;
				GCC_WARN_UNUSED_FUNCTION = YES;
				GCC_WARN_UNUSED_VARIABLE = YES;
				MACOSX_DEPLOYMENT_TARGET = 10.14;
				MTL_ENABLE_DEBUG_INFO = INCLUDE_SOURCE;
				MTL_FAST_MATH = YES;
				ONLY_ACTIVE_ARCH = YES;
				SDKROOT = macosx;
			};
			name = Debug;
		};
		000413F724D4071200150EE0 /* Release */ = {
			isa = XCBuildConfiguration;
			buildSettings = {
				ALWAYS_SEARCH_USER_PATHS = NO;
				CLANG_ANALYZER_NONNULL = YES;
				CLANG_ANALYZER_NUMBER_OBJECT_CONVERSION = YES_AGGRESSIVE;
				CLANG_CXX_LANGUAGE_STANDARD = "gnu++14";
				CLANG_CXX_LIBRARY = "libc++";
				CLANG_ENABLE_MODULES = YES;
				CLANG_ENABLE_OBJC_ARC = YES;
				CLANG_ENABLE_OBJC_WEAK = YES;
				CLANG_WARN_BLOCK_CAPTURE_AUTORELEASING = YES;
				CLANG_WARN_BOOL_CONVERSION = YES;
				CLANG_WARN_COMMA = YES;
				CLANG_WARN_CONSTANT_CONVERSION = YES;
				CLANG_WARN_DEPRECATED_OBJC_IMPLEMENTATIONS = YES;
				CLANG_WARN_DIRECT_OBJC_ISA_USAGE = YES_ERROR;
				CLANG_WARN_DOCUMENTATION_COMMENTS = YES;
				CLANG_WARN_EMPTY_BODY = YES;
				CLANG_WARN_ENUM_CONVERSION = YES;
				CLANG_WARN_INFINITE_RECURSION = YES;
				CLANG_WARN_INT_CONVERSION = YES;
				CLANG_WARN_NON_LITERAL_NULL_CONVERSION = YES;
				CLANG_WARN_OBJC_IMPLICIT_RETAIN_SELF = YES;
				CLANG_WARN_OBJC_LITERAL_CONVERSION = YES;
				CLANG_WARN_OBJC_ROOT_CLASS = YES_ERROR;
				CLANG_WARN_RANGE_LOOP_ANALYSIS = YES;
				CLANG_WARN_STRICT_PROTOTYPES = YES;
				CLANG_WARN_SUSPICIOUS_MOVE = YES;
				CLANG_WARN_UNGUARDED_AVAILABILITY = YES_AGGRESSIVE;
				CLANG_WARN_UNREACHABLE_CODE = YES;
				CLANG_WARN__DUPLICATE_METHOD_MATCH = YES;
				COPY_PHASE_STRIP = NO;
				DEBUG_INFORMATION_FORMAT = "dwarf-with-dsym";
				ENABLE_NS_ASSERTIONS = NO;
				ENABLE_STRICT_OBJC_MSGSEND = YES;
				GCC_C_LANGUAGE_STANDARD = gnu11;
				GCC_NO_COMMON_BLOCKS = YES;
				GCC_WARN_64_TO_32_BIT_CONVERSION = YES;
				GCC_WARN_ABOUT_RETURN_TYPE = YES_ERROR;
				GCC_WARN_UNDECLARED_SELECTOR = YES;
				GCC_WARN_UNINITIALIZED_AUTOS = YES_AGGRESSIVE;
				GCC_WARN_UNUSED_FUNCTION = YES;
				GCC_WARN_UNUSED_VARIABLE = YES;
				MACOSX_DEPLOYMENT_TARGET = 10.14;
				MTL_ENABLE_DEBUG_INFO = NO;
				MTL_FAST_MATH = YES;
				SDKROOT = macosx;
			};
			name = Release;
		};
		000413F924D4071200150EE0 /* Debug */ = {
			isa = XCBuildConfiguration;
			buildSettings = {
				CODE_SIGN_STYLE = Automatic;
				PRODUCT_NAME = "$(TARGET_NAME)";
			};
			name = Debug;
		};
		000413FA24D4071200150EE0 /* Release */ = {
			isa = XCBuildConfiguration;
			buildSettings = {
				CODE_SIGN_STYLE = Automatic;
				PRODUCT_NAME = "$(TARGET_NAME)";
			};
			name = Release;
		};
		0004140424D40CC200150EE0 /* Debug */ = {
			isa = XCBuildConfiguration;
			buildSettings = {
				CODE_SIGN_STYLE = Automatic;
				PRODUCT_NAME = "$(TARGET_NAME)";
			};
			name = Debug;
		};
		0004140524D40CC200150EE0 /* Release */ = {
			isa = XCBuildConfiguration;
			buildSettings = {
				CODE_SIGN_STYLE = Automatic;
				PRODUCT_NAME = "$(TARGET_NAME)";
			};
			name = Release;
		};
		0004142224D410F400150EE0 /* Debug */ = {
			isa = XCBuildConfiguration;
			buildSettings = {
				CODE_SIGN_STYLE = Automatic;
				PRODUCT_NAME = "$(TARGET_NAME)";
			};
			name = Debug;
		};
		0004142324D410F400150EE0 /* Release */ = {
			isa = XCBuildConfiguration;
			buildSettings = {
				CODE_SIGN_STYLE = Automatic;
				PRODUCT_NAME = "$(TARGET_NAME)";
			};
			name = Release;
		};
		0004142D24D411B100150EE0 /* Debug */ = {
			isa = XCBuildConfiguration;
			buildSettings = {
				CODE_SIGN_STYLE = Automatic;
				PRODUCT_NAME = "$(TARGET_NAME)";
			};
			name = Debug;
		};
		0004142E24D411B100150EE0 /* Release */ = {
			isa = XCBuildConfiguration;
			buildSettings = {
				CODE_SIGN_STYLE = Automatic;
				PRODUCT_NAME = "$(TARGET_NAME)";
			};
			name = Release;
		};
		0004143824D4183000150EE0 /* Debug */ = {
			isa = XCBuildConfiguration;
			buildSettings = {
				CODE_SIGN_STYLE = Automatic;
				PRODUCT_NAME = "$(TARGET_NAME)";
			};
			name = Debug;
		};
		0004143924D4183000150EE0 /* Release */ = {
			isa = XCBuildConfiguration;
			buildSettings = {
				CODE_SIGN_STYLE = Automatic;
				PRODUCT_NAME = "$(TARGET_NAME)";
			};
			name = Release;
		};
		0004144324D420C000150EE0 /* Debug */ = {
			isa = XCBuildConfiguration;
			buildSettings = {
				CODE_SIGN_STYLE = Automatic;
				PRODUCT_NAME = "$(TARGET_NAME)";
			};
			name = Debug;
		};
		0004144424D420C000150EE0 /* Release */ = {
			isa = XCBuildConfiguration;
			buildSettings = {
				CODE_SIGN_STYLE = Automatic;
				PRODUCT_NAME = "$(TARGET_NAME)";
			};
			name = Release;
		};
		0004144E24D4238000150EE0 /* Debug */ = {
			isa = XCBuildConfiguration;
			buildSettings = {
				CODE_SIGN_STYLE = Automatic;
				PRODUCT_NAME = "$(TARGET_NAME)";
			};
			name = Debug;
		};
		0004144F24D4238000150EE0 /* Release */ = {
			isa = XCBuildConfiguration;
			buildSettings = {
				CODE_SIGN_STYLE = Automatic;
				PRODUCT_NAME = "$(TARGET_NAME)";
			};
			name = Release;
		};
		0004145824D43E2600150EE0 /* Debug */ = {
			isa = XCBuildConfiguration;
			buildSettings = {
				CODE_SIGN_STYLE = Automatic;
				PRODUCT_NAME = "$(TARGET_NAME)";
			};
			name = Debug;
		};
		0004145924D43E2600150EE0 /* Release */ = {
			isa = XCBuildConfiguration;
			buildSettings = {
				CODE_SIGN_STYLE = Automatic;
				PRODUCT_NAME = "$(TARGET_NAME)";
			};
			name = Release;
		};
/* End XCBuildConfiguration section */

/* Begin XCConfigurationList section */
		000413EC24D4071200150EE0 /* Build configuration list for PBXProject "7-31" */ = {
			isa = XCConfigurationList;
			buildConfigurations = (
				000413F624D4071200150EE0 /* Debug */,
				000413F724D4071200150EE0 /* Release */,
			);
			defaultConfigurationIsVisible = 0;
			defaultConfigurationName = Release;
		};
		000413F824D4071200150EE0 /* Build configuration list for PBXNativeTarget "7-31" */ = {
			isa = XCConfigurationList;
			buildConfigurations = (
				000413F924D4071200150EE0 /* Debug */,
				000413FA24D4071200150EE0 /* Release */,
			);
			defaultConfigurationIsVisible = 0;
			defaultConfigurationName = Release;
		};
		0004140324D40CC200150EE0 /* Build configuration list for PBXNativeTarget "练习2-2" */ = {
			isa = XCConfigurationList;
			buildConfigurations = (
				0004140424D40CC200150EE0 /* Debug */,
				0004140524D40CC200150EE0 /* Release */,
			);
			defaultConfigurationIsVisible = 0;
			defaultConfigurationName = Release;
		};
		0004142124D410F400150EE0 /* Build configuration list for PBXNativeTarget "练习2-3" */ = {
			isa = XCConfigurationList;
			buildConfigurations = (
				0004142224D410F400150EE0 /* Debug */,
				0004142324D410F400150EE0 /* Release */,
			);
			defaultConfigurationIsVisible = 0;
			defaultConfigurationName = Release;
		};
		0004142C24D411B100150EE0 /* Build configuration list for PBXNativeTarget "练习2-4" */ = {
			isa = XCConfigurationList;
			buildConfigurations = (
				0004142D24D411B100150EE0 /* Debug */,
				0004142E24D411B100150EE0 /* Release */,
			);
			defaultConfigurationIsVisible = 0;
			defaultConfigurationName = Release;
		};
		0004143724D4183000150EE0 /* Build configuration list for PBXNativeTarget "练习2-5" */ = {
			isa = XCConfigurationList;
			buildConfigurations = (
				0004143824D4183000150EE0 /* Debug */,
				0004143924D4183000150EE0 /* Release */,
			);
			defaultConfigurationIsVisible = 0;
			defaultConfigurationName = Release;
		};
		0004144224D420C000150EE0 /* Build configuration list for PBXNativeTarget "练习2-6" */ = {
			isa = XCConfigurationList;
			buildConfigurations = (
				0004144324D420C000150EE0 /* Debug */,
				0004144424D420C000150EE0 /* Release */,
			);
			defaultConfigurationIsVisible = 0;
			defaultConfigurationName = Release;
		};
		0004144D24D4238000150EE0 /* Build configuration list for PBXNativeTarget "阶乘表" */ = {
			isa = XCConfigurationList;
			buildConfigurations = (
				0004144E24D4238000150EE0 /* Debug */,
				0004144F24D4238000150EE0 /* Release */,
			);
			defaultConfigurationIsVisible = 0;
			defaultConfigurationName = Release;
		};
		0004145A24D43E2600150EE0 /* Build configuration list for PBXNativeTarget "华氏温度" */ = {
			isa = XCConfigurationList;
			buildConfigurations = (
				0004145824D43E2600150EE0 /* Debug */,
				0004145924D43E2600150EE0 /* Release */,
			);
			defaultConfigurationIsVisible = 0;
			defaultConfigurationName = Release;
		};
/* End XCConfigurationList section */
	};
	rootObject = 000413E924D4071200150EE0 /* Project object */;
}
