// !$*UTF8*$!
{
	archiveVersion = 1;
	classes = {
	};
	objectVersion = 50;
	objects = {

/* Begin PBXBuildFile section */
		0007DA0224DE395100D71C0E /* main.c in Sources */ = {isa = PBXBuildFile; fileRef = 0007DA0124DE395100D71C0E /* main.c */; };
		0007DA3024DE87F100D71C0E /* main.c in Sources */ = {isa = PBXBuildFile; fileRef = 0007DA2F24DE87F100D71C0E /* main.c */; };
		0007DA3B24DFA8F800D71C0E /* main.c in Sources */ = {isa = PBXBuildFile; fileRef = 0007DA3A24DFA8F800D71C0E /* main.c */; };
		0007DA5124DFAFA200D71C0E /* main.c in Sources */ = {isa = PBXBuildFile; fileRef = 0007DA5024DFAFA200D71C0E /* main.c */; };
/* End PBXBuildFile section */

/* Begin PBXCopyFilesBuildPhase section */
		0007D9FC24DE395100D71C0E /* CopyFiles */ = {
			isa = PBXCopyFilesBuildPhase;
			buildActionMask = 2147483647;
			dstPath = /usr/share/man/man1/;
			dstSubfolderSpec = 0;
			files = (
			);
			runOnlyForDeploymentPostprocessing = 1;
		};
		0007DA2B24DE87F100D71C0E /* CopyFiles */ = {
			isa = PBXCopyFilesBuildPhase;
			buildActionMask = 2147483647;
			dstPath = /usr/share/man/man1/;
			dstSubfolderSpec = 0;
			files = (
			);
			runOnlyForDeploymentPostprocessing = 1;
		};
		0007DA3624DFA8F800D71C0E /* CopyFiles */ = {
			isa = PBXCopyFilesBuildPhase;
			buildActionMask = 2147483647;
			dstPath = /usr/share/man/man1/;
			dstSubfolderSpec = 0;
			files = (
			);
			runOnlyForDeploymentPostprocessing = 1;
		};
		0007DA4C24DFAFA200D71C0E /* CopyFiles */ = {
			isa = PBXCopyFilesBuildPhase;
			buildActionMask = 2147483647;
			dstPath = /usr/share/man/man1/;
			dstSubfolderSpec = 0;
			files = (
			);
			runOnlyForDeploymentPostprocessing = 1;
		};
		0007DA5724DFAFB800D71C0E /* CopyFiles */ = {
			isa = PBXCopyFilesBuildPhase;
			buildActionMask = 2147483647;
			dstPath = /usr/share/man/man1/;
			dstSubfolderSpec = 0;
			files = (
			);
			runOnlyForDeploymentPostprocessing = 1;
		};
		0007DA6D24DFB24900D71C0E /* CopyFiles */ = {
			isa = PBXCopyFilesBuildPhase;
			buildActionMask = 2147483647;
			dstPath = /usr/share/man/man1/;
			dstSubfolderSpec = 0;
			files = (
			);
			runOnlyForDeploymentPostprocessing = 1;
		};
		0007DA7824DFB29B00D71C0E /* CopyFiles */ = {
			isa = PBXCopyFilesBuildPhase;
			buildActionMask = 2147483647;
			dstPath = /usr/share/man/man1/;
			dstSubfolderSpec = 0;
			files = (
			);
			runOnlyForDeploymentPostprocessing = 1;
		};
/* End PBXCopyFilesBuildPhase section */

/* Begin PBXFileReference section */
		0007D9FE24DE395100D71C0E /* 8-8 */ = {isa = PBXFileReference; explicitFileType = "compiled.mach-o.executable"; includeInIndex = 0; path = "8-8"; sourceTree = BUILT_PRODUCTS_DIR; };
		0007DA0124DE395100D71C0E /* main.c */ = {isa = PBXFileReference; lastKnownFileType = sourcecode.c.c; path = main.c; sourceTree = "<group>"; };
		0007DA2D24DE87F100D71C0E /* 练习10-2 */ = {isa = PBXFileReference; explicitFileType = "compiled.mach-o.executable"; includeInIndex = 0; path = "练习10-2"; sourceTree = BUILT_PRODUCTS_DIR; };
		0007DA2F24DE87F100D71C0E /* main.c */ = {isa = PBXFileReference; lastKnownFileType = sourcecode.c.c; path = main.c; sourceTree = "<group>"; };
		0007DA3824DFA8F800D71C0E /* 练习10-3 */ = {isa = PBXFileReference; explicitFileType = "compiled.mach-o.executable"; includeInIndex = 0; path = "练习10-3"; sourceTree = BUILT_PRODUCTS_DIR; };
		0007DA3A24DFA8F800D71C0E /* main.c */ = {isa = PBXFileReference; lastKnownFileType = sourcecode.c.c; path = main.c; sourceTree = "<group>"; };
		0007DA4E24DFAFA200D71C0E /* 练习10-4 */ = {isa = PBXFileReference; explicitFileType = "compiled.mach-o.executable"; includeInIndex = 0; path = "练习10-4"; sourceTree = BUILT_PRODUCTS_DIR; };
		0007DA5024DFAFA200D71C0E /* main.c */ = {isa = PBXFileReference; lastKnownFileType = sourcecode.c.c; path = main.c; sourceTree = "<group>"; };
		0007DA5924DFAFB800D71C0E /* 练习10-5 */ = {isa = PBXFileReference; explicitFileType = "compiled.mach-o.executable"; includeInIndex = 0; path = "练习10-5"; sourceTree = BUILT_PRODUCTS_DIR; };
		0007DA6F24DFB24900D71C0E /* 代码清单10C-1 */ = {isa = PBXFileReference; explicitFileType = "compiled.mach-o.executable"; includeInIndex = 0; path = "代码清单10C-1"; sourceTree = BUILT_PRODUCTS_DIR; };
		0007DA7A24DFB29B00D71C0E /* 代码清单10-11 */ = {isa = PBXFileReference; explicitFileType = "compiled.mach-o.executable"; includeInIndex = 0; path = "代码清单10-11"; sourceTree = BUILT_PRODUCTS_DIR; };
/* End PBXFileReference section */

/* Begin PBXFrameworksBuildPhase section */
		0007D9FB24DE395100D71C0E /* Frameworks */ = {
			isa = PBXFrameworksBuildPhase;
			buildActionMask = 2147483647;
			files = (
			);
			runOnlyForDeploymentPostprocessing = 0;
		};
		0007DA2A24DE87F100D71C0E /* Frameworks */ = {
			isa = PBXFrameworksBuildPhase;
			buildActionMask = 2147483647;
			files = (
			);
			runOnlyForDeploymentPostprocessing = 0;
		};
		0007DA3524DFA8F800D71C0E /* Frameworks */ = {
			isa = PBXFrameworksBuildPhase;
			buildActionMask = 2147483647;
			files = (
			);
			runOnlyForDeploymentPostprocessing = 0;
		};
		0007DA4B24DFAFA200D71C0E /* Frameworks */ = {
			isa = PBXFrameworksBuildPhase;
			buildActionMask = 2147483647;
			files = (
			);
			runOnlyForDeploymentPostprocessing = 0;
		};
		0007DA5624DFAFB800D71C0E /* Frameworks */ = {
			isa = PBXFrameworksBuildPhase;
			buildActionMask = 2147483647;
			files = (
			);
			runOnlyForDeploymentPostprocessing = 0;
		};
		0007DA6C24DFB24900D71C0E /* Frameworks */ = {
			isa = PBXFrameworksBuildPhase;
			buildActionMask = 2147483647;
			files = (
			);
			runOnlyForDeploymentPostprocessing = 0;
		};
		0007DA7724DFB29B00D71C0E /* Frameworks */ = {
			isa = PBXFrameworksBuildPhase;
			buildActionMask = 2147483647;
			files = (
			);
			runOnlyForDeploymentPostprocessing = 0;
		};
/* End PBXFrameworksBuildPhase section */

/* Begin PBXGroup section */
		0007D9F524DE395100D71C0E = {
			isa = PBXGroup;
			children = (
				0007DA0024DE395100D71C0E /* 练习10-1 */,
				0007DA2E24DE87F100D71C0E /* 练习10-2 */,
				0007DA3924DFA8F800D71C0E /* 练习10-3 */,
				0007DA4F24DFAFA200D71C0E /* 练习10-4 */,
				0007D9FF24DE395100D71C0E /* Products */,
			);
			sourceTree = "<group>";
		};
		0007D9FF24DE395100D71C0E /* Products */ = {
			isa = PBXGroup;
			children = (
				0007D9FE24DE395100D71C0E /* 8-8 */,
				0007DA2D24DE87F100D71C0E /* 练习10-2 */,
				0007DA3824DFA8F800D71C0E /* 练习10-3 */,
				0007DA4E24DFAFA200D71C0E /* 练习10-4 */,
				0007DA5924DFAFB800D71C0E /* 练习10-5 */,
				0007DA6F24DFB24900D71C0E /* 代码清单10C-1 */,
				0007DA7A24DFB29B00D71C0E /* 代码清单10-11 */,
			);
			name = Products;
			sourceTree = "<group>";
		};
		0007DA0024DE395100D71C0E /* 练习10-1 */ = {
			isa = PBXGroup;
			children = (
				0007DA0124DE395100D71C0E /* main.c */,
			);
			path = "练习10-1";
			sourceTree = "<group>";
		};
		0007DA2E24DE87F100D71C0E /* 练习10-2 */ = {
			isa = PBXGroup;
			children = (
				0007DA2F24DE87F100D71C0E /* main.c */,
			);
			path = "练习10-2";
			sourceTree = "<group>";
		};
		0007DA3924DFA8F800D71C0E /* 练习10-3 */ = {
			isa = PBXGroup;
			children = (
				0007DA3A24DFA8F800D71C0E /* main.c */,
			);
			path = "练习10-3";
			sourceTree = "<group>";
		};
		0007DA4F24DFAFA200D71C0E /* 练习10-4 */ = {
			isa = PBXGroup;
			children = (
				0007DA5024DFAFA200D71C0E /* main.c */,
			);
			path = "练习10-4";
			sourceTree = "<group>";
		};
/* End PBXGroup section */

/* Begin PBXNativeTarget section */
		0007D9FD24DE395100D71C0E /* 8-8 */ = {
			isa = PBXNativeTarget;
			buildConfigurationList = 0007DA0524DE395100D71C0E /* Build configuration list for PBXNativeTarget "8-8" */;
			buildPhases = (
				0007D9FA24DE395100D71C0E /* Sources */,
				0007D9FB24DE395100D71C0E /* Frameworks */,
				0007D9FC24DE395100D71C0E /* CopyFiles */,
			);
			buildRules = (
			);
			dependencies = (
			);
			name = "8-8";
			productName = "8-8";
			productReference = 0007D9FE24DE395100D71C0E /* 8-8 */;
			productType = "com.apple.product-type.tool";
		};
		0007DA2C24DE87F100D71C0E /* 练习10-2 */ = {
			isa = PBXNativeTarget;
			buildConfigurationList = 0007DA3124DE87F100D71C0E /* Build configuration list for PBXNativeTarget "练习10-2" */;
			buildPhases = (
				0007DA2924DE87F100D71C0E /* Sources */,
				0007DA2A24DE87F100D71C0E /* Frameworks */,
				0007DA2B24DE87F100D71C0E /* CopyFiles */,
			);
			buildRules = (
			);
			dependencies = (
			);
			name = "练习10-2";
			productName = "练习10-2";
			productReference = 0007DA2D24DE87F100D71C0E /* 练习10-2 */;
			productType = "com.apple.product-type.tool";
		};
		0007DA3724DFA8F800D71C0E /* 练习10-3 */ = {
			isa = PBXNativeTarget;
			buildConfigurationList = 0007DA3C24DFA8F800D71C0E /* Build configuration list for PBXNativeTarget "练习10-3" */;
			buildPhases = (
				0007DA3424DFA8F800D71C0E /* Sources */,
				0007DA3524DFA8F800D71C0E /* Frameworks */,
				0007DA3624DFA8F800D71C0E /* CopyFiles */,
			);
			buildRules = (
			);
			dependencies = (
			);
			name = "练习10-3";
			productName = "练习10-3";
			productReference = 0007DA3824DFA8F800D71C0E /* 练习10-3 */;
			productType = "com.apple.product-type.tool";
		};
		0007DA4D24DFAFA200D71C0E /* 练习10-4 */ = {
			isa = PBXNativeTarget;
			buildConfigurationList = 0007DA5224DFAFA200D71C0E /* Build configuration list for PBXNativeTarget "练习10-4" */;
			buildPhases = (
				0007DA4A24DFAFA200D71C0E /* Sources */,
				0007DA4B24DFAFA200D71C0E /* Frameworks */,
				0007DA4C24DFAFA200D71C0E /* CopyFiles */,
			);
			buildRules = (
			);
			dependencies = (
			);
			name = "练习10-4";
			productName = "练习10-4";
			productReference = 0007DA4E24DFAFA200D71C0E /* 练习10-4 */;
			productType = "com.apple.product-type.tool";
		};
		0007DA5824DFAFB800D71C0E /* 练习10-5 */ = {
			isa = PBXNativeTarget;
			buildConfigurationList = 0007DA5D24DFAFB800D71C0E /* Build configuration list for PBXNativeTarget "练习10-5" */;
			buildPhases = (
				0007DA5524DFAFB800D71C0E /* Sources */,
				0007DA5624DFAFB800D71C0E /* Frameworks */,
				0007DA5724DFAFB800D71C0E /* CopyFiles */,
			);
			buildRules = (
			);
			dependencies = (
			);
			name = "练习10-5";
			productName = "练习10-5";
			productReference = 0007DA5924DFAFB800D71C0E /* 练习10-5 */;
			productType = "com.apple.product-type.tool";
		};
		0007DA6E24DFB24900D71C0E /* 代码清单10C-1 */ = {
			isa = PBXNativeTarget;
			buildConfigurationList = 0007DA7324DFB24900D71C0E /* Build configuration list for PBXNativeTarget "代码清单10C-1" */;
			buildPhases = (
				0007DA6B24DFB24900D71C0E /* Sources */,
				0007DA6C24DFB24900D71C0E /* Frameworks */,
				0007DA6D24DFB24900D71C0E /* CopyFiles */,
			);
			buildRules = (
			);
			dependencies = (
			);
			name = "代码清单10C-1";
			productName = "代码清单10C-1";
			productReference = 0007DA6F24DFB24900D71C0E /* 代码清单10C-1 */;
			productType = "com.apple.product-type.tool";
		};
		0007DA7924DFB29B00D71C0E /* 代码清单10-11 */ = {
			isa = PBXNativeTarget;
			buildConfigurationList = 0007DA7E24DFB29B00D71C0E /* Build configuration list for PBXNativeTarget "代码清单10-11" */;
			buildPhases = (
				0007DA7624DFB29B00D71C0E /* Sources */,
				0007DA7724DFB29B00D71C0E /* Frameworks */,
				0007DA7824DFB29B00D71C0E /* CopyFiles */,
			);
			buildRules = (
			);
			dependencies = (
			);
			name = "代码清单10-11";
			productName = "代码清单10-11";
			productReference = 0007DA7A24DFB29B00D71C0E /* 代码清单10-11 */;
			productType = "com.apple.product-type.tool";
		};
/* End PBXNativeTarget section */

/* Begin PBXProject section */
		0007D9F624DE395100D71C0E /* Project object */ = {
			isa = PBXProject;
			attributes = {
				LastUpgradeCheck = 1130;
				ORGANIZATIONNAME = edz;
				TargetAttributes = {
					0007D9FD24DE395100D71C0E = {
						CreatedOnToolsVersion = 11.3.1;
					};
					0007DA2C24DE87F100D71C0E = {
						CreatedOnToolsVersion = 11.3.1;
					};
					0007DA3724DFA8F800D71C0E = {
						CreatedOnToolsVersion = 11.3.1;
					};
					0007DA4D24DFAFA200D71C0E = {
						CreatedOnToolsVersion = 11.3.1;
					};
					0007DA5824DFAFB800D71C0E = {
						CreatedOnToolsVersion = 11.3.1;
					};
					0007DA6E24DFB24900D71C0E = {
						CreatedOnToolsVersion = 11.3.1;
					};
					0007DA7924DFB29B00D71C0E = {
						CreatedOnToolsVersion = 11.3.1;
					};
				};
			};
			buildConfigurationList = 0007D9F924DE395100D71C0E /* Build configuration list for PBXProject "8-8" */;
			compatibilityVersion = "Xcode 9.3";
			developmentRegion = en;
			hasScannedForEncodings = 0;
			knownRegions = (
				en,
				Base,
			);
			mainGroup = 0007D9F524DE395100D71C0E;
			productRefGroup = 0007D9FF24DE395100D71C0E /* Products */;
			projectDirPath = "";
			projectRoot = "";
			targets = (
				0007D9FD24DE395100D71C0E /* 8-8 */,
				0007DA2C24DE87F100D71C0E /* 练习10-2 */,
				0007DA3724DFA8F800D71C0E /* 练习10-3 */,
				0007DA4D24DFAFA200D71C0E /* 练习10-4 */,
				0007DA5824DFAFB800D71C0E /* 练习10-5 */,
				0007DA6E24DFB24900D71C0E /* 代码清单10C-1 */,
				0007DA7924DFB29B00D71C0E /* 代码清单10-11 */,
			);
		};
/* End PBXProject section */

/* Begin PBXSourcesBuildPhase section */
		0007D9FA24DE395100D71C0E /* Sources */ = {
			isa = PBXSourcesBuildPhase;
			buildActionMask = 2147483647;
			files = (
				0007DA0224DE395100D71C0E /* main.c in Sources */,
			);
			runOnlyForDeploymentPostprocessing = 0;
		};
		0007DA2924DE87F100D71C0E /* Sources */ = {
			isa = PBXSourcesBuildPhase;
			buildActionMask = 2147483647;
			files = (
				0007DA3024DE87F100D71C0E /* main.c in Sources */,
			);
			runOnlyForDeploymentPostprocessing = 0;
		};
		0007DA3424DFA8F800D71C0E /* Sources */ = {
			isa = PBXSourcesBuildPhase;
			buildActionMask = 2147483647;
			files = (
				0007DA3B24DFA8F800D71C0E /* main.c in Sources */,
			);
			runOnlyForDeploymentPostprocessing = 0;
		};
		0007DA4A24DFAFA200D71C0E /* Sources */ = {
			isa = PBXSourcesBuildPhase;
			buildActionMask = 2147483647;
			files = (
				0007DA5124DFAFA200D71C0E /* main.c in Sources */,
			);
			runOnlyForDeploymentPostprocessing = 0;
		};
		0007DA5524DFAFB800D71C0E /* Sources */ = {
			isa = PBXSourcesBuildPhase;
			buildActionMask = 2147483647;
			files = (
			);
			runOnlyForDeploymentPostprocessing = 0;
		};
		0007DA6B24DFB24900D71C0E /* Sources */ = {
			isa = PBXSourcesBuildPhase;
			buildActionMask = 2147483647;
			files = (
			);
			runOnlyForDeploymentPostprocessing = 0;
		};
		0007DA7624DFB29B00D71C0E /* Sources */ = {
			isa = PBXSourcesBuildPhase;
			buildActionMask = 2147483647;
			files = (
			);
			runOnlyForDeploymentPostprocessing = 0;
		};
/* End PBXSourcesBuildPhase section */

/* Begin XCBuildConfiguration section */
		0007DA0324DE395100D71C0E /* Debug */ = {
			isa = XCBuildConfiguration;
			buildSettings = {
				ALWAYS_SEARCH_USER_PATHS = NO;
				CLANG_ANALYZER_NONNULL = YES;
				CLANG_ANALYZER_NUMBER_OBJECT_CONVERSION = YES_AGGRESSIVE;
				CLANG_CXX_LANGUAGE_STANDARD = "gnu++14";
				CLANG_CXX_LIBRARY = "libc++";
				CLANG_ENABLE_MODULES = YES;
				CLANG_ENABLE_OBJC_ARC = YES;
				CLANG_ENABLE_OBJC_WEAK = YES;
				CLANG_WARN_BLOCK_CAPTURE_AUTORELEASING = YES;
				CLANG_WARN_BOOL_CONVERSION = YES;
				CLANG_WARN_COMMA = YES;
				CLANG_WARN_CONSTANT_CONVERSION = YES;
				CLANG_WARN_DEPRECATED_OBJC_IMPLEMENTATIONS = YES;
				CLANG_WARN_DIRECT_OBJC_ISA_USAGE = YES_ERROR;
				CLANG_WARN_DOCUMENTATION_COMMENTS = YES;
				CLANG_WARN_EMPTY_BODY = YES;
				CLANG_WARN_ENUM_CONVERSION = YES;
				CLANG_WARN_INFINITE_RECURSION = YES;
				CLANG_WARN_INT_CONVERSION = YES;
				CLANG_WARN_NON_LITERAL_NULL_CONVERSION = YES;
				CLANG_WARN_OBJC_IMPLICIT_RETAIN_SELF = YES;
				CLANG_WARN_OBJC_LITERAL_CONVERSION = YES;
				CLANG_WARN_OBJC_ROOT_CLASS = YES_ERROR;
				CLANG_WARN_RANGE_LOOP_ANALYSIS = YES;
				CLANG_WARN_STRICT_PROTOTYPES = YES;
				CLANG_WARN_SUSPICIOUS_MOVE = YES;
				CLANG_WARN_UNGUARDED_AVAILABILITY = YES_AGGRESSIVE;
				CLANG_WARN_UNREACHABLE_CODE = YES;
				CLANG_WARN__DUPLICATE_METHOD_MATCH = YES;
				COPY_PHASE_STRIP = NO;
				DEBUG_INFORMATION_FORMAT = dwarf;
				ENABLE_STRICT_OBJC_MSGSEND = YES;
				ENABLE_TESTABILITY = YES;
				GCC_C_LANGUAGE_STANDARD = gnu11;
				GCC_DYNAMIC_NO_PIC = NO;
				GCC_NO_COMMON_BLOCKS = YES;
				GCC_OPTIMIZATION_LEVEL = 0;
				GCC_PREPROCESSOR_DEFINITIONS = (
					"DEBUG=1",
					"$(inherited)",
				);
				GCC_WARN_64_TO_32_BIT_CONVERSION = YES;
				GCC_WARN_ABOUT_RETURN_TYPE = YES_ERROR;
				GCC_WARN_UNDECLARED_SELECTOR = YES;
				GCC_WARN_UNINITIALIZED_AUTOS = YES_AGGRESSIVE;
				GCC_WARN_UNUSED_FUNCTION = YES;
				GCC_WARN_UNUSED_VARIABLE = YES;
				MACOSX_DEPLOYMENT_TARGET = 10.14;
				MTL_ENABLE_DEBUG_INFO = INCLUDE_SOURCE;
				MTL_FAST_MATH = YES;
				ONLY_ACTIVE_ARCH = YES;
				SDKROOT = macosx;
			};
			name = Debug;
		};
		0007DA0424DE395100D71C0E /* Release */ = {
			isa = XCBuildConfiguration;
			buildSettings = {
				ALWAYS_SEARCH_USER_PATHS = NO;
				CLANG_ANALYZER_NONNULL = YES;
				CLANG_ANALYZER_NUMBER_OBJECT_CONVERSION = YES_AGGRESSIVE;
				CLANG_CXX_LANGUAGE_STANDARD = "gnu++14";
				CLANG_CXX_LIBRARY = "libc++";
				CLANG_ENABLE_MODULES = YES;
				CLANG_ENABLE_OBJC_ARC = YES;
				CLANG_ENABLE_OBJC_WEAK = YES;
				CLANG_WARN_BLOCK_CAPTURE_AUTORELEASING = YES;
				CLANG_WARN_BOOL_CONVERSION = YES;
				CLANG_WARN_COMMA = YES;
				CLANG_WARN_CONSTANT_CONVERSION = YES;
				CLANG_WARN_DEPRECATED_OBJC_IMPLEMENTATIONS = YES;
				CLANG_WARN_DIRECT_OBJC_ISA_USAGE = YES_ERROR;
				CLANG_WARN_DOCUMENTATION_COMMENTS = YES;
				CLANG_WARN_EMPTY_BODY = YES;
				CLANG_WARN_ENUM_CONVERSION = YES;
				CLANG_WARN_INFINITE_RECURSION = YES;
				CLANG_WARN_INT_CONVERSION = YES;
				CLANG_WARN_NON_LITERAL_NULL_CONVERSION = YES;
				CLANG_WARN_OBJC_IMPLICIT_RETAIN_SELF = YES;
				CLANG_WARN_OBJC_LITERAL_CONVERSION = YES;
				CLANG_WARN_OBJC_ROOT_CLASS = YES_ERROR;
				CLANG_WARN_RANGE_LOOP_ANALYSIS = YES;
				CLANG_WARN_STRICT_PROTOTYPES = YES;
				CLANG_WARN_SUSPICIOUS_MOVE = YES;
				CLANG_WARN_UNGUARDED_AVAILABILITY = YES_AGGRESSIVE;
				CLANG_WARN_UNREACHABLE_CODE = YES;
				CLANG_WARN__DUPLICATE_METHOD_MATCH = YES;
				COPY_PHASE_STRIP = NO;
				DEBUG_INFORMATION_FORMAT = "dwarf-with-dsym";
				ENABLE_NS_ASSERTIONS = NO;
				ENABLE_STRICT_OBJC_MSGSEND = YES;
				GCC_C_LANGUAGE_STANDARD = gnu11;
				GCC_NO_COMMON_BLOCKS = YES;
				GCC_WARN_64_TO_32_BIT_CONVERSION = YES;
				GCC_WARN_ABOUT_RETURN_TYPE = YES_ERROR;
				GCC_WARN_UNDECLARED_SELECTOR = YES;
				GCC_WARN_UNINITIALIZED_AUTOS = YES_AGGRESSIVE;
				GCC_WARN_UNUSED_FUNCTION = YES;
				GCC_WARN_UNUSED_VARIABLE = YES;
				MACOSX_DEPLOYMENT_TARGET = 10.14;
				MTL_ENABLE_DEBUG_INFO = NO;
				MTL_FAST_MATH = YES;
				SDKROOT = macosx;
			};
			name = Release;
		};
		0007DA0624DE395100D71C0E /* Debug */ = {
			isa = XCBuildConfiguration;
			buildSettings = {
				CODE_SIGN_STYLE = Automatic;
				PRODUCT_NAME = "$(TARGET_NAME)";
			};
			name = Debug;
		};
		0007DA0724DE395100D71C0E /* Release */ = {
			isa = XCBuildConfiguration;
			buildSettings = {
				CODE_SIGN_STYLE = Automatic;
				PRODUCT_NAME = "$(TARGET_NAME)";
			};
			name = Release;
		};
		0007DA3224DE87F100D71C0E /* Debug */ = {
			isa = XCBuildConfiguration;
			buildSettings = {
				CODE_SIGN_STYLE = Automatic;
				PRODUCT_NAME = "$(TARGET_NAME)";
			};
			name = Debug;
		};
		0007DA3324DE87F100D71C0E /* Release */ = {
			isa = XCBuildConfiguration;
			buildSettings = {
				CODE_SIGN_STYLE = Automatic;
				PRODUCT_NAME = "$(TARGET_NAME)";
			};
			name = Release;
		};
		0007DA3D24DFA8F800D71C0E /* Debug */ = {
			isa = XCBuildConfiguration;
			buildSettings = {
				CODE_SIGN_STYLE = Automatic;
				PRODUCT_NAME = "$(TARGET_NAME)";
			};
			name = Debug;
		};
		0007DA3E24DFA8F800D71C0E /* Release */ = {
			isa = XCBuildConfiguration;
			buildSettings = {
				CODE_SIGN_STYLE = Automatic;
				PRODUCT_NAME = "$(TARGET_NAME)";
			};
			name = Release;
		};
		0007DA5324DFAFA200D71C0E /* Debug */ = {
			isa = XCBuildConfiguration;
			buildSettings = {
				CODE_SIGN_STYLE = Automatic;
				PRODUCT_NAME = "$(TARGET_NAME)";
			};
			name = Debug;
		};
		0007DA5424DFAFA200D71C0E /* Release */ = {
			isa = XCBuildConfiguration;
			buildSettings = {
				CODE_SIGN_STYLE = Automatic;
				PRODUCT_NAME = "$(TARGET_NAME)";
			};
			name = Release;
		};
		0007DA5E24DFAFB800D71C0E /* Debug */ = {
			isa = XCBuildConfiguration;
			buildSettings = {
				CODE_SIGN_STYLE = Automatic;
				PRODUCT_NAME = "$(TARGET_NAME)";
			};
			name = Debug;
		};
		0007DA5F24DFAFB800D71C0E /* Release */ = {
			isa = XCBuildConfiguration;
			buildSettings = {
				CODE_SIGN_STYLE = Automatic;
				PRODUCT_NAME = "$(TARGET_NAME)";
			};
			name = Release;
		};
		0007DA7424DFB24900D71C0E /* Debug */ = {
			isa = XCBuildConfiguration;
			buildSettings = {
				CODE_SIGN_STYLE = Automatic;
				PRODUCT_NAME = "$(TARGET_NAME)";
			};
			name = Debug;
		};
		0007DA7524DFB24900D71C0E /* Release */ = {
			isa = XCBuildConfiguration;
			buildSettings = {
				CODE_SIGN_STYLE = Automatic;
				PRODUCT_NAME = "$(TARGET_NAME)";
			};
			name = Release;
		};
		0007DA7F24DFB29B00D71C0E /* Debug */ = {
			isa = XCBuildConfiguration;
			buildSettings = {
				CODE_SIGN_STYLE = Automatic;
				PRODUCT_NAME = "$(TARGET_NAME)";
			};
			name = Debug;
		};
		0007DA8024DFB29B00D71C0E /* Release */ = {
			isa = XCBuildConfiguration;
			buildSettings = {
				CODE_SIGN_STYLE = Automatic;
				PRODUCT_NAME = "$(TARGET_NAME)";
			};
			name = Release;
		};
/* End XCBuildConfiguration section */

/* Begin XCConfigurationList section */
		0007D9F924DE395100D71C0E /* Build configuration list for PBXProject "8-8" */ = {
			isa = XCConfigurationList;
			buildConfigurations = (
				0007DA0324DE395100D71C0E /* Debug */,
				0007DA0424DE395100D71C0E /* Release */,
			);
			defaultConfigurationIsVisible = 0;
			defaultConfigurationName = Release;
		};
		0007DA0524DE395100D71C0E /* Build configuration list for PBXNativeTarget "8-8" */ = {
			isa = XCConfigurationList;
			buildConfigurations = (
				0007DA0624DE395100D71C0E /* Debug */,
				0007DA0724DE395100D71C0E /* Release */,
			);
			defaultConfigurationIsVisible = 0;
			defaultConfigurationName = Release;
		};
		0007DA3124DE87F100D71C0E /* Build configuration list for PBXNativeTarget "练习10-2" */ = {
			isa = XCConfigurationList;
			buildConfigurations = (
				0007DA3224DE87F100D71C0E /* Debug */,
				0007DA3324DE87F100D71C0E /* Release */,
			);
			defaultConfigurationIsVisible = 0;
			defaultConfigurationName = Release;
		};
		0007DA3C24DFA8F800D71C0E /* Build configuration list for PBXNativeTarget "练习10-3" */ = {
			isa = XCConfigurationList;
			buildConfigurations = (
				0007DA3D24DFA8F800D71C0E /* Debug */,
				0007DA3E24DFA8F800D71C0E /* Release */,
			);
			defaultConfigurationIsVisible = 0;
			defaultConfigurationName = Release;
		};
		0007DA5224DFAFA200D71C0E /* Build configuration list for PBXNativeTarget "练习10-4" */ = {
			isa = XCConfigurationList;
			buildConfigurations = (
				0007DA5324DFAFA200D71C0E /* Debug */,
				0007DA5424DFAFA200D71C0E /* Release */,
			);
			defaultConfigurationIsVisible = 0;
			defaultConfigurationName = Release;
		};
		0007DA5D24DFAFB800D71C0E /* Build configuration list for PBXNativeTarget "练习10-5" */ = {
			isa = XCConfigurationList;
			buildConfigurations = (
				0007DA5E24DFAFB800D71C0E /* Debug */,
				0007DA5F24DFAFB800D71C0E /* Release */,
			);
			defaultConfigurationIsVisible = 0;
			defaultConfigurationName = Release;
		};
		0007DA7324DFB24900D71C0E /* Build configuration list for PBXNativeTarget "代码清单10C-1" */ = {
			isa = XCConfigurationList;
			buildConfigurations = (
				0007DA7424DFB24900D71C0E /* Debug */,
				0007DA7524DFB24900D71C0E /* Release */,
			);
			defaultConfigurationIsVisible = 0;
			defaultConfigurationName = Release;
		};
		0007DA7E24DFB29B00D71C0E /* Build configuration list for PBXNativeTarget "代码清单10-11" */ = {
			isa = XCConfigurationList;
			buildConfigurations = (
				0007DA7F24DFB29B00D71C0E /* Debug */,
				0007DA8024DFB29B00D71C0E /* Release */,
			);
			defaultConfigurationIsVisible = 0;
			defaultConfigurationName = Release;
		};
/* End XCConfigurationList section */
	};
	rootObject = 0007D9F624DE395100D71C0E /* Project object */;
}
