// !$*UTF8*$!
{
	archiveVersion = 1;
	classes = {
	};
	objectVersion = 50;
	objects = {

/* Begin PBXBuildFile section */
		0004A32124DB99270062D928 /* main.c in Sources */ = {isa = PBXBuildFile; fileRef = 0004A32024DB99270062D928 /* main.c */; };
		0004A32C24DB9E810062D928 /* main.c in Sources */ = {isa = PBXBuildFile; fileRef = 0004A32B24DB9E810062D928 /* main.c */; };
		0004A33724DBA9010062D928 /* main.c in Sources */ = {isa = PBXBuildFile; fileRef = 0004A33624DBA9010062D928 /* main.c */; };
		0004A36E24DC1C3A0062D928 /* main.c in Sources */ = {isa = PBXBuildFile; fileRef = 0004A36D24DC1C3A0062D928 /* main.c */; };
		0004A37924DC27140062D928 /* main.c in Sources */ = {isa = PBXBuildFile; fileRef = 0004A37824DC27140062D928 /* main.c */; };
		0004A38424DC2BF20062D928 /* main.c in Sources */ = {isa = PBXBuildFile; fileRef = 0004A38324DC2BF20062D928 /* main.c */; };
		0004A38F24DC2F040062D928 /* main.c in Sources */ = {isa = PBXBuildFile; fileRef = 0004A38E24DC2F040062D928 /* main.c */; };
		0004A39A24DC30D80062D928 /* main.c in Sources */ = {isa = PBXBuildFile; fileRef = 0004A39924DC30D80062D928 /* main.c */; };
		0053804524D7A25000C6A7CD /* main.c in Sources */ = {isa = PBXBuildFile; fileRef = 0053804424D7A25000C6A7CD /* main.c */; };
		0053805024D7ABD600C6A7CD /* main.c in Sources */ = {isa = PBXBuildFile; fileRef = 0053804F24D7ABD600C6A7CD /* main.c */; };
		0053805B24D7AFC100C6A7CD /* main.c in Sources */ = {isa = PBXBuildFile; fileRef = 0053805A24D7AFC100C6A7CD /* main.c */; };
		0053807C24D7BF3600C6A7CD /* main.c in Sources */ = {isa = PBXBuildFile; fileRef = 0053807B24D7BF3600C6A7CD /* main.c */; };
		0053809224D7E63200C6A7CD /* main.c in Sources */ = {isa = PBXBuildFile; fileRef = 0053809124D7E63200C6A7CD /* main.c */; };
		0053809D24D7E79C00C6A7CD /* main.c in Sources */ = {isa = PBXBuildFile; fileRef = 0053809C24D7E79C00C6A7CD /* main.c */; };
		005380A824D7EA7800C6A7CD /* main.c in Sources */ = {isa = PBXBuildFile; fileRef = 005380A724D7EA7800C6A7CD /* main.c */; };
		005380B324D7ED8600C6A7CD /* main.c in Sources */ = {isa = PBXBuildFile; fileRef = 005380B224D7ED8600C6A7CD /* main.c */; };
		005380BE24D7F26200C6A7CD /* main.c in Sources */ = {isa = PBXBuildFile; fileRef = 005380BD24D7F26200C6A7CD /* main.c */; };
		005380C924D800E700C6A7CD /* main.c in Sources */ = {isa = PBXBuildFile; fileRef = 005380C824D800E700C6A7CD /* main.c */; };
		005380D424D8024D00C6A7CD /* main.c in Sources */ = {isa = PBXBuildFile; fileRef = 005380D324D8024D00C6A7CD /* main.c */; };
		005380DF24D8072F00C6A7CD /* main.c in Sources */ = {isa = PBXBuildFile; fileRef = 005380DE24D8072F00C6A7CD /* main.c */; };
		005380EA24D80F3800C6A7CD /* main.c in Sources */ = {isa = PBXBuildFile; fileRef = 005380E924D80F3800C6A7CD /* main.c */; };
		005380F624D81A2D00C6A7CD /* main.c in Sources */ = {isa = PBXBuildFile; fileRef = 005380F524D81A2D00C6A7CD /* main.c */; };
		0053810124D81C0800C6A7CD /* main.c in Sources */ = {isa = PBXBuildFile; fileRef = 0053810024D81C0800C6A7CD /* main.c */; };
		0053810C24D8219000C6A7CD /* main.c in Sources */ = {isa = PBXBuildFile; fileRef = 0053810B24D8219000C6A7CD /* main.c */; };
		0053811724D823EB00C6A7CD /* main.c in Sources */ = {isa = PBXBuildFile; fileRef = 0053811624D823EB00C6A7CD /* main.c */; };
/* End PBXBuildFile section */

/* Begin PBXCopyFilesBuildPhase section */
		0004A31C24DB99270062D928 /* CopyFiles */ = {
			isa = PBXCopyFilesBuildPhase;
			buildActionMask = 2147483647;
			dstPath = /usr/share/man/man1/;
			dstSubfolderSpec = 0;
			files = (
			);
			runOnlyForDeploymentPostprocessing = 1;
		};
		0004A32724DB9E810062D928 /* CopyFiles */ = {
			isa = PBXCopyFilesBuildPhase;
			buildActionMask = 2147483647;
			dstPath = /usr/share/man/man1/;
			dstSubfolderSpec = 0;
			files = (
			);
			runOnlyForDeploymentPostprocessing = 1;
		};
		0004A33224DBA9010062D928 /* CopyFiles */ = {
			isa = PBXCopyFilesBuildPhase;
			buildActionMask = 2147483647;
			dstPath = /usr/share/man/man1/;
			dstSubfolderSpec = 0;
			files = (
			);
			runOnlyForDeploymentPostprocessing = 1;
		};
		0004A36924DC1C3A0062D928 /* CopyFiles */ = {
			isa = PBXCopyFilesBuildPhase;
			buildActionMask = 2147483647;
			dstPath = /usr/share/man/man1/;
			dstSubfolderSpec = 0;
			files = (
			);
			runOnlyForDeploymentPostprocessing = 1;
		};
		0004A37424DC27140062D928 /* CopyFiles */ = {
			isa = PBXCopyFilesBuildPhase;
			buildActionMask = 2147483647;
			dstPath = /usr/share/man/man1/;
			dstSubfolderSpec = 0;
			files = (
			);
			runOnlyForDeploymentPostprocessing = 1;
		};
		0004A37F24DC2BF20062D928 /* CopyFiles */ = {
			isa = PBXCopyFilesBuildPhase;
			buildActionMask = 2147483647;
			dstPath = /usr/share/man/man1/;
			dstSubfolderSpec = 0;
			files = (
			);
			runOnlyForDeploymentPostprocessing = 1;
		};
		0004A38A24DC2F040062D928 /* CopyFiles */ = {
			isa = PBXCopyFilesBuildPhase;
			buildActionMask = 2147483647;
			dstPath = /usr/share/man/man1/;
			dstSubfolderSpec = 0;
			files = (
			);
			runOnlyForDeploymentPostprocessing = 1;
		};
		0004A39524DC30D70062D928 /* CopyFiles */ = {
			isa = PBXCopyFilesBuildPhase;
			buildActionMask = 2147483647;
			dstPath = /usr/share/man/man1/;
			dstSubfolderSpec = 0;
			files = (
			);
			runOnlyForDeploymentPostprocessing = 1;
		};
		0053804024D7A25000C6A7CD /* CopyFiles */ = {
			isa = PBXCopyFilesBuildPhase;
			buildActionMask = 2147483647;
			dstPath = /usr/share/man/man1/;
			dstSubfolderSpec = 0;
			files = (
			);
			runOnlyForDeploymentPostprocessing = 1;
		};
		0053804B24D7ABD600C6A7CD /* CopyFiles */ = {
			isa = PBXCopyFilesBuildPhase;
			buildActionMask = 2147483647;
			dstPath = /usr/share/man/man1/;
			dstSubfolderSpec = 0;
			files = (
			);
			runOnlyForDeploymentPostprocessing = 1;
		};
		0053805624D7AFC100C6A7CD /* CopyFiles */ = {
			isa = PBXCopyFilesBuildPhase;
			buildActionMask = 2147483647;
			dstPath = /usr/share/man/man1/;
			dstSubfolderSpec = 0;
			files = (
			);
			runOnlyForDeploymentPostprocessing = 1;
		};
		0053807724D7BF3600C6A7CD /* CopyFiles */ = {
			isa = PBXCopyFilesBuildPhase;
			buildActionMask = 2147483647;
			dstPath = /usr/share/man/man1/;
			dstSubfolderSpec = 0;
			files = (
			);
			runOnlyForDeploymentPostprocessing = 1;
		};
		0053808D24D7E63200C6A7CD /* CopyFiles */ = {
			isa = PBXCopyFilesBuildPhase;
			buildActionMask = 2147483647;
			dstPath = /usr/share/man/man1/;
			dstSubfolderSpec = 0;
			files = (
			);
			runOnlyForDeploymentPostprocessing = 1;
		};
		0053809824D7E79C00C6A7CD /* CopyFiles */ = {
			isa = PBXCopyFilesBuildPhase;
			buildActionMask = 2147483647;
			dstPath = /usr/share/man/man1/;
			dstSubfolderSpec = 0;
			files = (
			);
			runOnlyForDeploymentPostprocessing = 1;
		};
		005380A324D7EA7800C6A7CD /* CopyFiles */ = {
			isa = PBXCopyFilesBuildPhase;
			buildActionMask = 2147483647;
			dstPath = /usr/share/man/man1/;
			dstSubfolderSpec = 0;
			files = (
			);
			runOnlyForDeploymentPostprocessing = 1;
		};
		005380AE24D7ED8600C6A7CD /* CopyFiles */ = {
			isa = PBXCopyFilesBuildPhase;
			buildActionMask = 2147483647;
			dstPath = /usr/share/man/man1/;
			dstSubfolderSpec = 0;
			files = (
			);
			runOnlyForDeploymentPostprocessing = 1;
		};
		005380B924D7F26200C6A7CD /* CopyFiles */ = {
			isa = PBXCopyFilesBuildPhase;
			buildActionMask = 2147483647;
			dstPath = /usr/share/man/man1/;
			dstSubfolderSpec = 0;
			files = (
			);
			runOnlyForDeploymentPostprocessing = 1;
		};
		005380C424D800E700C6A7CD /* CopyFiles */ = {
			isa = PBXCopyFilesBuildPhase;
			buildActionMask = 2147483647;
			dstPath = /usr/share/man/man1/;
			dstSubfolderSpec = 0;
			files = (
			);
			runOnlyForDeploymentPostprocessing = 1;
		};
		005380CF24D8024D00C6A7CD /* CopyFiles */ = {
			isa = PBXCopyFilesBuildPhase;
			buildActionMask = 2147483647;
			dstPath = /usr/share/man/man1/;
			dstSubfolderSpec = 0;
			files = (
			);
			runOnlyForDeploymentPostprocessing = 1;
		};
		005380DA24D8072F00C6A7CD /* CopyFiles */ = {
			isa = PBXCopyFilesBuildPhase;
			buildActionMask = 2147483647;
			dstPath = /usr/share/man/man1/;
			dstSubfolderSpec = 0;
			files = (
			);
			runOnlyForDeploymentPostprocessing = 1;
		};
		005380E524D80F3800C6A7CD /* CopyFiles */ = {
			isa = PBXCopyFilesBuildPhase;
			buildActionMask = 2147483647;
			dstPath = /usr/share/man/man1/;
			dstSubfolderSpec = 0;
			files = (
			);
			runOnlyForDeploymentPostprocessing = 1;
		};
		005380F124D81A2D00C6A7CD /* CopyFiles */ = {
			isa = PBXCopyFilesBuildPhase;
			buildActionMask = 2147483647;
			dstPath = /usr/share/man/man1/;
			dstSubfolderSpec = 0;
			files = (
			);
			runOnlyForDeploymentPostprocessing = 1;
		};
		005380FC24D81C0800C6A7CD /* CopyFiles */ = {
			isa = PBXCopyFilesBuildPhase;
			buildActionMask = 2147483647;
			dstPath = /usr/share/man/man1/;
			dstSubfolderSpec = 0;
			files = (
			);
			runOnlyForDeploymentPostprocessing = 1;
		};
		0053810724D8219000C6A7CD /* CopyFiles */ = {
			isa = PBXCopyFilesBuildPhase;
			buildActionMask = 2147483647;
			dstPath = /usr/share/man/man1/;
			dstSubfolderSpec = 0;
			files = (
			);
			runOnlyForDeploymentPostprocessing = 1;
		};
		0053811224D823EB00C6A7CD /* CopyFiles */ = {
			isa = PBXCopyFilesBuildPhase;
			buildActionMask = 2147483647;
			dstPath = /usr/share/man/man1/;
			dstSubfolderSpec = 0;
			files = (
			);
			runOnlyForDeploymentPostprocessing = 1;
		};
/* End PBXCopyFilesBuildPhase section */

/* Begin PBXFileReference section */
		0004A31E24DB99270062D928 /* 数组 */ = {isa = PBXFileReference; explicitFileType = "compiled.mach-o.executable"; includeInIndex = 0; path = "数组"; sourceTree = BUILT_PRODUCTS_DIR; };
		0004A32024DB99270062D928 /* main.c */ = {isa = PBXFileReference; lastKnownFileType = sourcecode.c.c; path = main.c; sourceTree = "<group>"; };
		0004A32924DB9E810062D928 /* 数组-最小元素 */ = {isa = PBXFileReference; explicitFileType = "compiled.mach-o.executable"; includeInIndex = 0; path = "数组-最小元素"; sourceTree = BUILT_PRODUCTS_DIR; };
		0004A32B24DB9E810062D928 /* main.c */ = {isa = PBXFileReference; lastKnownFileType = sourcecode.c.c; path = main.c; sourceTree = "<group>"; };
		0004A33424DBA9010062D928 /* 二维数组遍历 */ = {isa = PBXFileReference; explicitFileType = "compiled.mach-o.executable"; includeInIndex = 0; path = "二维数组遍历"; sourceTree = BUILT_PRODUCTS_DIR; };
		0004A33624DBA9010062D928 /* main.c */ = {isa = PBXFileReference; lastKnownFileType = sourcecode.c.c; path = main.c; sourceTree = "<group>"; };
		0004A36B24DC1C3A0062D928 /* 练习5-10 */ = {isa = PBXFileReference; explicitFileType = "compiled.mach-o.executable"; includeInIndex = 0; path = "练习5-10"; sourceTree = BUILT_PRODUCTS_DIR; };
		0004A36D24DC1C3A0062D928 /* main.c */ = {isa = PBXFileReference; lastKnownFileType = sourcecode.c.c; path = main.c; sourceTree = "<group>"; };
		0004A37624DC27140062D928 /* 练习9-6 */ = {isa = PBXFileReference; explicitFileType = "compiled.mach-o.executable"; includeInIndex = 0; path = "练习9-6"; sourceTree = BUILT_PRODUCTS_DIR; };
		0004A37824DC27140062D928 /* main.c */ = {isa = PBXFileReference; lastKnownFileType = sourcecode.c.c; path = main.c; sourceTree = "<group>"; };
		0004A38124DC2BF20062D928 /* 练习9-7 */ = {isa = PBXFileReference; explicitFileType = "compiled.mach-o.executable"; includeInIndex = 0; path = "练习9-7"; sourceTree = BUILT_PRODUCTS_DIR; };
		0004A38324DC2BF20062D928 /* main.c */ = {isa = PBXFileReference; lastKnownFileType = sourcecode.c.c; path = main.c; sourceTree = "<group>"; };
		0004A38C24DC2F040062D928 /* 练习9-8 */ = {isa = PBXFileReference; explicitFileType = "compiled.mach-o.executable"; includeInIndex = 0; path = "练习9-8"; sourceTree = BUILT_PRODUCTS_DIR; };
		0004A38E24DC2F040062D928 /* main.c */ = {isa = PBXFileReference; lastKnownFileType = sourcecode.c.c; path = main.c; sourceTree = "<group>"; };
		0004A39724DC30D70062D928 /* 练习9-10 */ = {isa = PBXFileReference; explicitFileType = "compiled.mach-o.executable"; includeInIndex = 0; path = "练习9-10"; sourceTree = BUILT_PRODUCTS_DIR; };
		0004A39924DC30D80062D928 /* main.c */ = {isa = PBXFileReference; lastKnownFileType = sourcecode.c.c; path = main.c; sourceTree = "<group>"; };
		0053804224D7A25000C6A7CD /* 浮点数 */ = {isa = PBXFileReference; explicitFileType = "compiled.mach-o.executable"; includeInIndex = 0; path = "浮点数"; sourceTree = BUILT_PRODUCTS_DIR; };
		0053804424D7A25000C6A7CD /* main.c */ = {isa = PBXFileReference; lastKnownFileType = sourcecode.c.c; path = main.c; sourceTree = "<group>"; };
		0053804D24D7ABD600C6A7CD /* 闰年 */ = {isa = PBXFileReference; explicitFileType = "compiled.mach-o.executable"; includeInIndex = 0; path = "闰年"; sourceTree = BUILT_PRODUCTS_DIR; };
		0053804F24D7ABD600C6A7CD /* main.c */ = {isa = PBXFileReference; lastKnownFileType = sourcecode.c.c; path = main.c; sourceTree = "<group>"; };
		0053805824D7AFC100C6A7CD /* 统计字符个数 */ = {isa = PBXFileReference; explicitFileType = "compiled.mach-o.executable"; includeInIndex = 0; path = "统计字符个数"; sourceTree = BUILT_PRODUCTS_DIR; };
		0053805A24D7AFC100C6A7CD /* main.c */ = {isa = PBXFileReference; lastKnownFileType = sourcecode.c.c; path = main.c; sourceTree = "<group>"; };
		0053807924D7BF3600C6A7CD /* switch语句统计字符个数 */ = {isa = PBXFileReference; explicitFileType = "compiled.mach-o.executable"; includeInIndex = 0; path = "switch语句统计字符个数"; sourceTree = BUILT_PRODUCTS_DIR; };
		0053807B24D7BF3600C6A7CD /* main.c */ = {isa = PBXFileReference; lastKnownFileType = sourcecode.c.c; path = main.c; sourceTree = "<group>"; };
		0053808F24D7E63200C6A7CD /* 约数 */ = {isa = PBXFileReference; explicitFileType = "compiled.mach-o.executable"; includeInIndex = 0; path = "约数"; sourceTree = BUILT_PRODUCTS_DIR; };
		0053809124D7E63200C6A7CD /* main.c */ = {isa = PBXFileReference; lastKnownFileType = sourcecode.c.c; path = main.c; sourceTree = "<group>"; };
		0053809A24D7E79C00C6A7CD /* pai--while */ = {isa = PBXFileReference; explicitFileType = "compiled.mach-o.executable"; includeInIndex = 0; path = "pai--while"; sourceTree = BUILT_PRODUCTS_DIR; };
		0053809C24D7E79C00C6A7CD /* main.c */ = {isa = PBXFileReference; lastKnownFileType = sourcecode.c.c; path = main.c; sourceTree = "<group>"; };
		005380A524D7EA7800C6A7CD /* 统计学生成绩 */ = {isa = PBXFileReference; explicitFileType = "compiled.mach-o.executable"; includeInIndex = 0; path = "统计学生成绩"; sourceTree = BUILT_PRODUCTS_DIR; };
		005380A724D7EA7800C6A7CD /* main.c */ = {isa = PBXFileReference; lastKnownFileType = sourcecode.c.c; path = main.c; sourceTree = "<group>"; };
		005380B024D7ED8600C6A7CD /* 计算位数 */ = {isa = PBXFileReference; explicitFileType = "compiled.mach-o.executable"; includeInIndex = 0; path = "计算位数"; sourceTree = BUILT_PRODUCTS_DIR; };
		005380B224D7ED8600C6A7CD /* main.c */ = {isa = PBXFileReference; lastKnownFileType = sourcecode.c.c; path = main.c; sourceTree = "<group>"; };
		005380BB24D7F26200C6A7CD /* 素数 */ = {isa = PBXFileReference; explicitFileType = "compiled.mach-o.executable"; includeInIndex = 0; path = "素数"; sourceTree = BUILT_PRODUCTS_DIR; };
		005380BD24D7F26200C6A7CD /* main.c */ = {isa = PBXFileReference; lastKnownFileType = sourcecode.c.c; path = main.c; sourceTree = "<group>"; };
		005380C624D800E700C6A7CD /* 绝对值 */ = {isa = PBXFileReference; explicitFileType = "compiled.mach-o.executable"; includeInIndex = 0; path = "绝对值"; sourceTree = BUILT_PRODUCTS_DIR; };
		005380C824D800E700C6A7CD /* main.c */ = {isa = PBXFileReference; lastKnownFileType = sourcecode.c.c; path = main.c; sourceTree = "<group>"; };
		005380D124D8024D00C6A7CD /* 比较大小 */ = {isa = PBXFileReference; explicitFileType = "compiled.mach-o.executable"; includeInIndex = 0; path = "比较大小"; sourceTree = BUILT_PRODUCTS_DIR; };
		005380D324D8024D00C6A7CD /* main.c */ = {isa = PBXFileReference; lastKnownFileType = sourcecode.c.c; path = main.c; sourceTree = "<group>"; };
		005380DC24D8072F00C6A7CD /* 运算结果为1和0 */ = {isa = PBXFileReference; explicitFileType = "compiled.mach-o.executable"; includeInIndex = 0; path = "运算结果为1和0"; sourceTree = BUILT_PRODUCTS_DIR; };
		005380DE24D8072F00C6A7CD /* main.c */ = {isa = PBXFileReference; lastKnownFileType = sourcecode.c.c; path = main.c; sourceTree = "<group>"; };
		005380E724D80F3800C6A7CD /* 最大值 */ = {isa = PBXFileReference; explicitFileType = "compiled.mach-o.executable"; includeInIndex = 0; path = "最大值"; sourceTree = BUILT_PRODUCTS_DIR; };
		005380E924D80F3800C6A7CD /* main.c */ = {isa = PBXFileReference; lastKnownFileType = sourcecode.c.c; path = main.c; sourceTree = "<group>"; };
		005380F324D81A2D00C6A7CD /* 显示数值是否相等 */ = {isa = PBXFileReference; explicitFileType = "compiled.mach-o.executable"; includeInIndex = 0; path = "显示数值是否相等"; sourceTree = BUILT_PRODUCTS_DIR; };
		005380F524D81A2D00C6A7CD /* main.c */ = {isa = PBXFileReference; lastKnownFileType = sourcecode.c.c; path = main.c; sourceTree = "<group>"; };
		005380FE24D81C0800C6A7CD /* 差值 */ = {isa = PBXFileReference; explicitFileType = "compiled.mach-o.executable"; includeInIndex = 0; path = "差值"; sourceTree = BUILT_PRODUCTS_DIR; };
		0053810024D81C0800C6A7CD /* main.c */ = {isa = PBXFileReference; lastKnownFileType = sourcecode.c.c; path = main.c; sourceTree = "<group>"; };
		0053810924D8219000C6A7CD /* 练习3-12对3-4的修改 */ = {isa = PBXFileReference; explicitFileType = "compiled.mach-o.executable"; includeInIndex = 0; path = "练习3-12对3-4的修改"; sourceTree = BUILT_PRODUCTS_DIR; };
		0053810B24D8219000C6A7CD /* main.c */ = {isa = PBXFileReference; lastKnownFileType = sourcecode.c.c; path = main.c; sourceTree = "<group>"; };
		0053811424D823EB00C6A7CD /* 季节 */ = {isa = PBXFileReference; explicitFileType = "compiled.mach-o.executable"; includeInIndex = 0; path = "季节"; sourceTree = BUILT_PRODUCTS_DIR; };
		0053811624D823EB00C6A7CD /* main.c */ = {isa = PBXFileReference; lastKnownFileType = sourcecode.c.c; path = main.c; sourceTree = "<group>"; };
/* End PBXFileReference section */

/* Begin PBXFrameworksBuildPhase section */
		0004A31B24DB99270062D928 /* Frameworks */ = {
			isa = PBXFrameworksBuildPhase;
			buildActionMask = 2147483647;
			files = (
			);
			runOnlyForDeploymentPostprocessing = 0;
		};
		0004A32624DB9E810062D928 /* Frameworks */ = {
			isa = PBXFrameworksBuildPhase;
			buildActionMask = 2147483647;
			files = (
			);
			runOnlyForDeploymentPostprocessing = 0;
		};
		0004A33124DBA9010062D928 /* Frameworks */ = {
			isa = PBXFrameworksBuildPhase;
			buildActionMask = 2147483647;
			files = (
			);
			runOnlyForDeploymentPostprocessing = 0;
		};
		0004A36824DC1C3A0062D928 /* Frameworks */ = {
			isa = PBXFrameworksBuildPhase;
			buildActionMask = 2147483647;
			files = (
			);
			runOnlyForDeploymentPostprocessing = 0;
		};
		0004A37324DC27140062D928 /* Frameworks */ = {
			isa = PBXFrameworksBuildPhase;
			buildActionMask = 2147483647;
			files = (
			);
			runOnlyForDeploymentPostprocessing = 0;
		};
		0004A37E24DC2BF20062D928 /* Frameworks */ = {
			isa = PBXFrameworksBuildPhase;
			buildActionMask = 2147483647;
			files = (
			);
			runOnlyForDeploymentPostprocessing = 0;
		};
		0004A38924DC2F040062D928 /* Frameworks */ = {
			isa = PBXFrameworksBuildPhase;
			buildActionMask = 2147483647;
			files = (
			);
			runOnlyForDeploymentPostprocessing = 0;
		};
		0004A39424DC30D70062D928 /* Frameworks */ = {
			isa = PBXFrameworksBuildPhase;
			buildActionMask = 2147483647;
			files = (
			);
			runOnlyForDeploymentPostprocessing = 0;
		};
		0053803F24D7A25000C6A7CD /* Frameworks */ = {
			isa = PBXFrameworksBuildPhase;
			buildActionMask = 2147483647;
			files = (
			);
			runOnlyForDeploymentPostprocessing = 0;
		};
		0053804A24D7ABD600C6A7CD /* Frameworks */ = {
			isa = PBXFrameworksBuildPhase;
			buildActionMask = 2147483647;
			files = (
			);
			runOnlyForDeploymentPostprocessing = 0;
		};
		0053805524D7AFC100C6A7CD /* Frameworks */ = {
			isa = PBXFrameworksBuildPhase;
			buildActionMask = 2147483647;
			files = (
			);
			runOnlyForDeploymentPostprocessing = 0;
		};
		0053807624D7BF3600C6A7CD /* Frameworks */ = {
			isa = PBXFrameworksBuildPhase;
			buildActionMask = 2147483647;
			files = (
			);
			runOnlyForDeploymentPostprocessing = 0;
		};
		0053808C24D7E63200C6A7CD /* Frameworks */ = {
			isa = PBXFrameworksBuildPhase;
			buildActionMask = 2147483647;
			files = (
			);
			runOnlyForDeploymentPostprocessing = 0;
		};
		0053809724D7E79C00C6A7CD /* Frameworks */ = {
			isa = PBXFrameworksBuildPhase;
			buildActionMask = 2147483647;
			files = (
			);
			runOnlyForDeploymentPostprocessing = 0;
		};
		005380A224D7EA7800C6A7CD /* Frameworks */ = {
			isa = PBXFrameworksBuildPhase;
			buildActionMask = 2147483647;
			files = (
			);
			runOnlyForDeploymentPostprocessing = 0;
		};
		005380AD24D7ED8600C6A7CD /* Frameworks */ = {
			isa = PBXFrameworksBuildPhase;
			buildActionMask = 2147483647;
			files = (
			);
			runOnlyForDeploymentPostprocessing = 0;
		};
		005380B824D7F26200C6A7CD /* Frameworks */ = {
			isa = PBXFrameworksBuildPhase;
			buildActionMask = 2147483647;
			files = (
			);
			runOnlyForDeploymentPostprocessing = 0;
		};
		005380C324D800E700C6A7CD /* Frameworks */ = {
			isa = PBXFrameworksBuildPhase;
			buildActionMask = 2147483647;
			files = (
			);
			runOnlyForDeploymentPostprocessing = 0;
		};
		005380CE24D8024D00C6A7CD /* Frameworks */ = {
			isa = PBXFrameworksBuildPhase;
			buildActionMask = 2147483647;
			files = (
			);
			runOnlyForDeploymentPostprocessing = 0;
		};
		005380D924D8072F00C6A7CD /* Frameworks */ = {
			isa = PBXFrameworksBuildPhase;
			buildActionMask = 2147483647;
			files = (
			);
			runOnlyForDeploymentPostprocessing = 0;
		};
		005380E424D80F3800C6A7CD /* Frameworks */ = {
			isa = PBXFrameworksBuildPhase;
			buildActionMask = 2147483647;
			files = (
			);
			runOnlyForDeploymentPostprocessing = 0;
		};
		005380F024D81A2D00C6A7CD /* Frameworks */ = {
			isa = PBXFrameworksBuildPhase;
			buildActionMask = 2147483647;
			files = (
			);
			runOnlyForDeploymentPostprocessing = 0;
		};
		005380FB24D81C0800C6A7CD /* Frameworks */ = {
			isa = PBXFrameworksBuildPhase;
			buildActionMask = 2147483647;
			files = (
			);
			runOnlyForDeploymentPostprocessing = 0;
		};
		0053810624D8219000C6A7CD /* Frameworks */ = {
			isa = PBXFrameworksBuildPhase;
			buildActionMask = 2147483647;
			files = (
			);
			runOnlyForDeploymentPostprocessing = 0;
		};
		0053811124D823EB00C6A7CD /* Frameworks */ = {
			isa = PBXFrameworksBuildPhase;
			buildActionMask = 2147483647;
			files = (
			);
			runOnlyForDeploymentPostprocessing = 0;
		};
/* End PBXFrameworksBuildPhase section */

/* Begin PBXGroup section */
		0004A31F24DB99270062D928 /* 数组-斐波纳契数列 */ = {
			isa = PBXGroup;
			children = (
				0004A32024DB99270062D928 /* main.c */,
			);
			path = "数组-斐波纳契数列";
			sourceTree = "<group>";
		};
		0004A32A24DB9E810062D928 /* 数组-最小元素 */ = {
			isa = PBXGroup;
			children = (
				0004A32B24DB9E810062D928 /* main.c */,
			);
			path = "数组-最小元素";
			sourceTree = "<group>";
		};
		0004A33524DBA9010062D928 /* 二维数组遍历 */ = {
			isa = PBXGroup;
			children = (
				0004A33624DBA9010062D928 /* main.c */,
			);
			path = "二维数组遍历";
			sourceTree = "<group>";
		};
		0004A36C24DC1C3A0062D928 /* 练习5-10 */ = {
			isa = PBXGroup;
			children = (
				0004A36D24DC1C3A0062D928 /* main.c */,
			);
			path = "练习5-10";
			sourceTree = "<group>";
		};
		0004A37724DC27140062D928 /* 练习9-6 */ = {
			isa = PBXGroup;
			children = (
				0004A37824DC27140062D928 /* main.c */,
			);
			path = "练习9-6";
			sourceTree = "<group>";
		};
		0004A38224DC2BF20062D928 /* 练习9-7 */ = {
			isa = PBXGroup;
			children = (
				0004A38324DC2BF20062D928 /* main.c */,
			);
			path = "练习9-7";
			sourceTree = "<group>";
		};
		0004A38D24DC2F040062D928 /* 练习9-8 */ = {
			isa = PBXGroup;
			children = (
				0004A38E24DC2F040062D928 /* main.c */,
			);
			path = "练习9-8";
			sourceTree = "<group>";
		};
		0004A39824DC30D70062D928 /* 练习9-10 */ = {
			isa = PBXGroup;
			children = (
				0004A39924DC30D80062D928 /* main.c */,
			);
			path = "练习9-10";
			sourceTree = "<group>";
		};
		0053802B24D7A22300C6A7CD = {
			isa = PBXGroup;
			children = (
				0053804324D7A25000C6A7CD /* 浮点数 */,
				0053804E24D7ABD600C6A7CD /* 闰年 */,
				0053805924D7AFC100C6A7CD /* 统计字符个数 */,
				0053807A24D7BF3600C6A7CD /* switch语句统计字符个数 */,
				0053809024D7E63200C6A7CD /* 约数 */,
				0053809B24D7E79C00C6A7CD /* pai--while */,
				005380A624D7EA7800C6A7CD /* 统计学生成绩 */,
				005380B124D7ED8600C6A7CD /* 计算位数 */,
				005380BC24D7F26200C6A7CD /* 素数 */,
				005380C724D800E700C6A7CD /* 绝对值 */,
				005380D224D8024D00C6A7CD /* 比较大小 */,
				005380DD24D8072F00C6A7CD /* 最小值 */,
				005380E824D80F3800C6A7CD /* 最大值 */,
				005380F424D81A2D00C6A7CD /* 显示数值是否相等 */,
				005380FF24D81C0800C6A7CD /* 差值 */,
				0053810A24D8219000C6A7CD /* 练习3-12对3-4的修改 */,
				0053811524D823EB00C6A7CD /* 季节 */,
				0004A31F24DB99270062D928 /* 数组-斐波纳契数列 */,
				0004A32A24DB9E810062D928 /* 数组-最小元素 */,
				0004A33524DBA9010062D928 /* 二维数组遍历 */,
				0004A36C24DC1C3A0062D928 /* 练习5-10 */,
				0004A37724DC27140062D928 /* 练习9-6 */,
				0004A38224DC2BF20062D928 /* 练习9-7 */,
				0004A38D24DC2F040062D928 /* 练习9-8 */,
				0004A39824DC30D70062D928 /* 练习9-10 */,
				0053803524D7A22300C6A7CD /* Products */,
			);
			sourceTree = "<group>";
		};
		0053803524D7A22300C6A7CD /* Products */ = {
			isa = PBXGroup;
			children = (
				0053804224D7A25000C6A7CD /* 浮点数 */,
				0053804D24D7ABD600C6A7CD /* 闰年 */,
				0053805824D7AFC100C6A7CD /* 统计字符个数 */,
				0053807924D7BF3600C6A7CD /* switch语句统计字符个数 */,
				0053808F24D7E63200C6A7CD /* 约数 */,
				0053809A24D7E79C00C6A7CD /* pai--while */,
				005380A524D7EA7800C6A7CD /* 统计学生成绩 */,
				005380B024D7ED8600C6A7CD /* 计算位数 */,
				005380BB24D7F26200C6A7CD /* 素数 */,
				005380C624D800E700C6A7CD /* 绝对值 */,
				005380D124D8024D00C6A7CD /* 比较大小 */,
				005380DC24D8072F00C6A7CD /* 运算结果为1和0 */,
				005380E724D80F3800C6A7CD /* 最大值 */,
				005380F324D81A2D00C6A7CD /* 显示数值是否相等 */,
				005380FE24D81C0800C6A7CD /* 差值 */,
				0053810924D8219000C6A7CD /* 练习3-12对3-4的修改 */,
				0053811424D823EB00C6A7CD /* 季节 */,
				0004A31E24DB99270062D928 /* 数组 */,
				0004A32924DB9E810062D928 /* 数组-最小元素 */,
				0004A33424DBA9010062D928 /* 二维数组遍历 */,
				0004A36B24DC1C3A0062D928 /* 练习5-10 */,
				0004A37624DC27140062D928 /* 练习9-6 */,
				0004A38124DC2BF20062D928 /* 练习9-7 */,
				0004A38C24DC2F040062D928 /* 练习9-8 */,
				0004A39724DC30D70062D928 /* 练习9-10 */,
			);
			name = Products;
			sourceTree = "<group>";
		};
		0053804324D7A25000C6A7CD /* 浮点数 */ = {
			isa = PBXGroup;
			children = (
				0053804424D7A25000C6A7CD /* main.c */,
			);
			path = "浮点数";
			sourceTree = "<group>";
		};
		0053804E24D7ABD600C6A7CD /* 闰年 */ = {
			isa = PBXGroup;
			children = (
				0053804F24D7ABD600C6A7CD /* main.c */,
			);
			path = "闰年";
			sourceTree = "<group>";
		};
		0053805924D7AFC100C6A7CD /* 统计字符个数 */ = {
			isa = PBXGroup;
			children = (
				0053805A24D7AFC100C6A7CD /* main.c */,
			);
			path = "统计字符个数";
			sourceTree = "<group>";
		};
		0053807A24D7BF3600C6A7CD /* switch语句统计字符个数 */ = {
			isa = PBXGroup;
			children = (
				0053807B24D7BF3600C6A7CD /* main.c */,
			);
			path = "switch语句统计字符个数";
			sourceTree = "<group>";
		};
		0053809024D7E63200C6A7CD /* 约数 */ = {
			isa = PBXGroup;
			children = (
				0053809124D7E63200C6A7CD /* main.c */,
			);
			path = "约数";
			sourceTree = "<group>";
		};
		0053809B24D7E79C00C6A7CD /* pai--while */ = {
			isa = PBXGroup;
			children = (
				0053809C24D7E79C00C6A7CD /* main.c */,
			);
			path = "pai--while";
			sourceTree = "<group>";
		};
		005380A624D7EA7800C6A7CD /* 统计学生成绩 */ = {
			isa = PBXGroup;
			children = (
				005380A724D7EA7800C6A7CD /* main.c */,
			);
			path = "统计学生成绩";
			sourceTree = "<group>";
		};
		005380B124D7ED8600C6A7CD /* 计算位数 */ = {
			isa = PBXGroup;
			children = (
				005380B224D7ED8600C6A7CD /* main.c */,
			);
			path = "计算位数";
			sourceTree = "<group>";
		};
		005380BC24D7F26200C6A7CD /* 素数 */ = {
			isa = PBXGroup;
			children = (
				005380BD24D7F26200C6A7CD /* main.c */,
			);
			path = "素数";
			sourceTree = "<group>";
		};
		005380C724D800E700C6A7CD /* 绝对值 */ = {
			isa = PBXGroup;
			children = (
				005380C824D800E700C6A7CD /* main.c */,
			);
			path = "绝对值";
			sourceTree = "<group>";
		};
		005380D224D8024D00C6A7CD /* 比较大小 */ = {
			isa = PBXGroup;
			children = (
				005380D324D8024D00C6A7CD /* main.c */,
			);
			path = "比较大小";
			sourceTree = "<group>";
		};
		005380DD24D8072F00C6A7CD /* 最小值 */ = {
			isa = PBXGroup;
			children = (
				005380DE24D8072F00C6A7CD /* main.c */,
			);
			path = "最小值";
			sourceTree = "<group>";
		};
		005380E824D80F3800C6A7CD /* 最大值 */ = {
			isa = PBXGroup;
			children = (
				005380E924D80F3800C6A7CD /* main.c */,
			);
			path = "最大值";
			sourceTree = "<group>";
		};
		005380F424D81A2D00C6A7CD /* 显示数值是否相等 */ = {
			isa = PBXGroup;
			children = (
				005380F524D81A2D00C6A7CD /* main.c */,
			);
			path = "显示数值是否相等";
			sourceTree = "<group>";
		};
		005380FF24D81C0800C6A7CD /* 差值 */ = {
			isa = PBXGroup;
			children = (
				0053810024D81C0800C6A7CD /* main.c */,
			);
			path = "差值";
			sourceTree = "<group>";
		};
		0053810A24D8219000C6A7CD /* 练习3-12对3-4的修改 */ = {
			isa = PBXGroup;
			children = (
				0053810B24D8219000C6A7CD /* main.c */,
			);
			path = "练习3-12对3-4的修改";
			sourceTree = "<group>";
		};
		0053811524D823EB00C6A7CD /* 季节 */ = {
			isa = PBXGroup;
			children = (
				0053811624D823EB00C6A7CD /* main.c */,
			);
			path = "季节";
			sourceTree = "<group>";
		};
/* End PBXGroup section */

/* Begin PBXNativeTarget section */
		0004A31D24DB99270062D928 /* 数组 */ = {
			isa = PBXNativeTarget;
			buildConfigurationList = 0004A32424DB99270062D928 /* Build configuration list for PBXNativeTarget "数组" */;
			buildPhases = (
				0004A31A24DB99270062D928 /* Sources */,
				0004A31B24DB99270062D928 /* Frameworks */,
				0004A31C24DB99270062D928 /* CopyFiles */,
			);
			buildRules = (
			);
			dependencies = (
			);
			name = "数组";
			productName = "数组";
			productReference = 0004A31E24DB99270062D928 /* 数组 */;
			productType = "com.apple.product-type.tool";
		};
		0004A32824DB9E810062D928 /* 数组-最小元素 */ = {
			isa = PBXNativeTarget;
			buildConfigurationList = 0004A32D24DB9E810062D928 /* Build configuration list for PBXNativeTarget "数组-最小元素" */;
			buildPhases = (
				0004A32524DB9E810062D928 /* Sources */,
				0004A32624DB9E810062D928 /* Frameworks */,
				0004A32724DB9E810062D928 /* CopyFiles */,
			);
			buildRules = (
			);
			dependencies = (
			);
			name = "数组-最小元素";
			productName = "数组-最小元素";
			productReference = 0004A32924DB9E810062D928 /* 数组-最小元素 */;
			productType = "com.apple.product-type.tool";
		};
		0004A33324DBA9010062D928 /* 二维数组遍历 */ = {
			isa = PBXNativeTarget;
			buildConfigurationList = 0004A33824DBA9010062D928 /* Build configuration list for PBXNativeTarget "二维数组遍历" */;
			buildPhases = (
				0004A33024DBA9010062D928 /* Sources */,
				0004A33124DBA9010062D928 /* Frameworks */,
				0004A33224DBA9010062D928 /* CopyFiles */,
			);
			buildRules = (
			);
			dependencies = (
			);
			name = "二维数组遍历";
			productName = "二维数组遍历";
			productReference = 0004A33424DBA9010062D928 /* 二维数组遍历 */;
			productType = "com.apple.product-type.tool";
		};
		0004A36A24DC1C3A0062D928 /* 练习5-10 */ = {
			isa = PBXNativeTarget;
			buildConfigurationList = 0004A36F24DC1C3A0062D928 /* Build configuration list for PBXNativeTarget "练习5-10" */;
			buildPhases = (
				0004A36724DC1C3A0062D928 /* Sources */,
				0004A36824DC1C3A0062D928 /* Frameworks */,
				0004A36924DC1C3A0062D928 /* CopyFiles */,
			);
			buildRules = (
			);
			dependencies = (
			);
			name = "练习5-10";
			productName = "练习5-10";
			productReference = 0004A36B24DC1C3A0062D928 /* 练习5-10 */;
			productType = "com.apple.product-type.tool";
		};
		0004A37524DC27140062D928 /* 练习9-6 */ = {
			isa = PBXNativeTarget;
			buildConfigurationList = 0004A37A24DC27140062D928 /* Build configuration list for PBXNativeTarget "练习9-6" */;
			buildPhases = (
				0004A37224DC27140062D928 /* Sources */,
				0004A37324DC27140062D928 /* Frameworks */,
				0004A37424DC27140062D928 /* CopyFiles */,
			);
			buildRules = (
			);
			dependencies = (
			);
			name = "练习9-6";
			productName = "练习9-6";
			productReference = 0004A37624DC27140062D928 /* 练习9-6 */;
			productType = "com.apple.product-type.tool";
		};
		0004A38024DC2BF20062D928 /* 练习9-7 */ = {
			isa = PBXNativeTarget;
			buildConfigurationList = 0004A38524DC2BF20062D928 /* Build configuration list for PBXNativeTarget "练习9-7" */;
			buildPhases = (
				0004A37D24DC2BF20062D928 /* Sources */,
				0004A37E24DC2BF20062D928 /* Frameworks */,
				0004A37F24DC2BF20062D928 /* CopyFiles */,
			);
			buildRules = (
			);
			dependencies = (
			);
			name = "练习9-7";
			productName = "练习9-7";
			productReference = 0004A38124DC2BF20062D928 /* 练习9-7 */;
			productType = "com.apple.product-type.tool";
		};
		0004A38B24DC2F040062D928 /* 练习9-8 */ = {
			isa = PBXNativeTarget;
			buildConfigurationList = 0004A39024DC2F040062D928 /* Build configuration list for PBXNativeTarget "练习9-8" */;
			buildPhases = (
				0004A38824DC2F040062D928 /* Sources */,
				0004A38924DC2F040062D928 /* Frameworks */,
				0004A38A24DC2F040062D928 /* CopyFiles */,
			);
			buildRules = (
			);
			dependencies = (
			);
			name = "练习9-8";
			productName = "练习9-8";
			productReference = 0004A38C24DC2F040062D928 /* 练习9-8 */;
			productType = "com.apple.product-type.tool";
		};
		0004A39624DC30D70062D928 /* 练习9-10 */ = {
			isa = PBXNativeTarget;
			buildConfigurationList = 0004A39B24DC30D80062D928 /* Build configuration list for PBXNativeTarget "练习9-10" */;
			buildPhases = (
				0004A39324DC30D70062D928 /* Sources */,
				0004A39424DC30D70062D928 /* Frameworks */,
				0004A39524DC30D70062D928 /* CopyFiles */,
			);
			buildRules = (
			);
			dependencies = (
			);
			name = "练习9-10";
			productName = "练习9-10";
			productReference = 0004A39724DC30D70062D928 /* 练习9-10 */;
			productType = "com.apple.product-type.tool";
		};
		0053804124D7A25000C6A7CD /* 浮点数 */ = {
			isa = PBXNativeTarget;
			buildConfigurationList = 0053804624D7A25000C6A7CD /* Build configuration list for PBXNativeTarget "浮点数" */;
			buildPhases = (
				0053803E24D7A25000C6A7CD /* Sources */,
				0053803F24D7A25000C6A7CD /* Frameworks */,
				0053804024D7A25000C6A7CD /* CopyFiles */,
			);
			buildRules = (
			);
			dependencies = (
			);
			name = "浮点数";
			productName = "浮点数";
			productReference = 0053804224D7A25000C6A7CD /* 浮点数 */;
			productType = "com.apple.product-type.tool";
		};
		0053804C24D7ABD600C6A7CD /* 闰年 */ = {
			isa = PBXNativeTarget;
			buildConfigurationList = 0053805124D7ABD600C6A7CD /* Build configuration list for PBXNativeTarget "闰年" */;
			buildPhases = (
				0053804924D7ABD600C6A7CD /* Sources */,
				0053804A24D7ABD600C6A7CD /* Frameworks */,
				0053804B24D7ABD600C6A7CD /* CopyFiles */,
			);
			buildRules = (
			);
			dependencies = (
			);
			name = "闰年";
			productName = "闰年";
			productReference = 0053804D24D7ABD600C6A7CD /* 闰年 */;
			productType = "com.apple.product-type.tool";
		};
		0053805724D7AFC100C6A7CD /* 统计字符个数 */ = {
			isa = PBXNativeTarget;
			buildConfigurationList = 0053805C24D7AFC100C6A7CD /* Build configuration list for PBXNativeTarget "统计字符个数" */;
			buildPhases = (
				0053805424D7AFC100C6A7CD /* Sources */,
				0053805524D7AFC100C6A7CD /* Frameworks */,
				0053805624D7AFC100C6A7CD /* CopyFiles */,
			);
			buildRules = (
			);
			dependencies = (
			);
			name = "统计字符个数";
			productName = "统计字符个数";
			productReference = 0053805824D7AFC100C6A7CD /* 统计字符个数 */;
			productType = "com.apple.product-type.tool";
		};
		0053807824D7BF3600C6A7CD /* switch语句统计字符个数 */ = {
			isa = PBXNativeTarget;
			buildConfigurationList = 0053807F24D7BF3600C6A7CD /* Build configuration list for PBXNativeTarget "switch语句统计字符个数" */;
			buildPhases = (
				0053807524D7BF3600C6A7CD /* Sources */,
				0053807624D7BF3600C6A7CD /* Frameworks */,
				0053807724D7BF3600C6A7CD /* CopyFiles */,
			);
			buildRules = (
			);
			dependencies = (
			);
			name = "switch语句统计字符个数";
			productName = "switch语句统计字符个数";
			productReference = 0053807924D7BF3600C6A7CD /* switch语句统计字符个数 */;
			productType = "com.apple.product-type.tool";
		};
		0053808E24D7E63200C6A7CD /* 约数 */ = {
			isa = PBXNativeTarget;
			buildConfigurationList = 0053809524D7E63200C6A7CD /* Build configuration list for PBXNativeTarget "约数" */;
			buildPhases = (
				0053808B24D7E63200C6A7CD /* Sources */,
				0053808C24D7E63200C6A7CD /* Frameworks */,
				0053808D24D7E63200C6A7CD /* CopyFiles */,
			);
			buildRules = (
			);
			dependencies = (
			);
			name = "约数";
			productName = "约数";
			productReference = 0053808F24D7E63200C6A7CD /* 约数 */;
			productType = "com.apple.product-type.tool";
		};
		0053809924D7E79C00C6A7CD /* pai--while */ = {
			isa = PBXNativeTarget;
			buildConfigurationList = 0053809E24D7E79C00C6A7CD /* Build configuration list for PBXNativeTarget "pai--while" */;
			buildPhases = (
				0053809624D7E79C00C6A7CD /* Sources */,
				0053809724D7E79C00C6A7CD /* Frameworks */,
				0053809824D7E79C00C6A7CD /* CopyFiles */,
			);
			buildRules = (
			);
			dependencies = (
			);
			name = "pai--while";
			productName = "pai--while";
			productReference = 0053809A24D7E79C00C6A7CD /* pai--while */;
			productType = "com.apple.product-type.tool";
		};
		005380A424D7EA7800C6A7CD /* 统计学生成绩 */ = {
			isa = PBXNativeTarget;
			buildConfigurationList = 005380A924D7EA7800C6A7CD /* Build configuration list for PBXNativeTarget "统计学生成绩" */;
			buildPhases = (
				005380A124D7EA7800C6A7CD /* Sources */,
				005380A224D7EA7800C6A7CD /* Frameworks */,
				005380A324D7EA7800C6A7CD /* CopyFiles */,
			);
			buildRules = (
			);
			dependencies = (
			);
			name = "统计学生成绩";
			productName = "统计学生成绩";
			productReference = 005380A524D7EA7800C6A7CD /* 统计学生成绩 */;
			productType = "com.apple.product-type.tool";
		};
		005380AF24D7ED8600C6A7CD /* 计算位数 */ = {
			isa = PBXNativeTarget;
			buildConfigurationList = 005380B424D7ED8600C6A7CD /* Build configuration list for PBXNativeTarget "计算位数" */;
			buildPhases = (
				005380AC24D7ED8600C6A7CD /* Sources */,
				005380AD24D7ED8600C6A7CD /* Frameworks */,
				005380AE24D7ED8600C6A7CD /* CopyFiles */,
			);
			buildRules = (
			);
			dependencies = (
			);
			name = "计算位数";
			productName = "计算位数";
			productReference = 005380B024D7ED8600C6A7CD /* 计算位数 */;
			productType = "com.apple.product-type.tool";
		};
		005380BA24D7F26200C6A7CD /* 素数 */ = {
			isa = PBXNativeTarget;
			buildConfigurationList = 005380BF24D7F26200C6A7CD /* Build configuration list for PBXNativeTarget "素数" */;
			buildPhases = (
				005380B724D7F26200C6A7CD /* Sources */,
				005380B824D7F26200C6A7CD /* Frameworks */,
				005380B924D7F26200C6A7CD /* CopyFiles */,
			);
			buildRules = (
			);
			dependencies = (
			);
			name = "素数";
			productName = "素数";
			productReference = 005380BB24D7F26200C6A7CD /* 素数 */;
			productType = "com.apple.product-type.tool";
		};
		005380C524D800E700C6A7CD /* 绝对值 */ = {
			isa = PBXNativeTarget;
			buildConfigurationList = 005380CC24D800E700C6A7CD /* Build configuration list for PBXNativeTarget "绝对值" */;
			buildPhases = (
				005380C224D800E700C6A7CD /* Sources */,
				005380C324D800E700C6A7CD /* Frameworks */,
				005380C424D800E700C6A7CD /* CopyFiles */,
			);
			buildRules = (
			);
			dependencies = (
			);
			name = "绝对值";
			productName = "绝对值";
			productReference = 005380C624D800E700C6A7CD /* 绝对值 */;
			productType = "com.apple.product-type.tool";
		};
		005380D024D8024D00C6A7CD /* 比较大小 */ = {
			isa = PBXNativeTarget;
			buildConfigurationList = 005380D524D8024D00C6A7CD /* Build configuration list for PBXNativeTarget "比较大小" */;
			buildPhases = (
				005380CD24D8024D00C6A7CD /* Sources */,
				005380CE24D8024D00C6A7CD /* Frameworks */,
				005380CF24D8024D00C6A7CD /* CopyFiles */,
			);
			buildRules = (
			);
			dependencies = (
			);
			name = "比较大小";
			productName = "比较大小";
			productReference = 005380D124D8024D00C6A7CD /* 比较大小 */;
			productType = "com.apple.product-type.tool";
		};
		005380DB24D8072F00C6A7CD /* 运算结果为1和0 */ = {
			isa = PBXNativeTarget;
			buildConfigurationList = 005380E024D8072F00C6A7CD /* Build configuration list for PBXNativeTarget "运算结果为1和0" */;
			buildPhases = (
				005380D824D8072F00C6A7CD /* Sources */,
				005380D924D8072F00C6A7CD /* Frameworks */,
				005380DA24D8072F00C6A7CD /* CopyFiles */,
			);
			buildRules = (
			);
			dependencies = (
			);
			name = "运算结果为1和0";
			productName = "运算结果为1和0";
			productReference = 005380DC24D8072F00C6A7CD /* 运算结果为1和0 */;
			productType = "com.apple.product-type.tool";
		};
		005380E624D80F3800C6A7CD /* 最大值 */ = {
			isa = PBXNativeTarget;
			buildConfigurationList = 005380EB24D80F3800C6A7CD /* Build configuration list for PBXNativeTarget "最大值" */;
			buildPhases = (
				005380E324D80F3800C6A7CD /* Sources */,
				005380E424D80F3800C6A7CD /* Frameworks */,
				005380E524D80F3800C6A7CD /* CopyFiles */,
			);
			buildRules = (
			);
			dependencies = (
			);
			name = "最大值";
			productName = "最大值";
			productReference = 005380E724D80F3800C6A7CD /* 最大值 */;
			productType = "com.apple.product-type.tool";
		};
		005380F224D81A2D00C6A7CD /* 显示数值是否相等 */ = {
			isa = PBXNativeTarget;
			buildConfigurationList = 005380F724D81A2D00C6A7CD /* Build configuration list for PBXNativeTarget "显示数值是否相等" */;
			buildPhases = (
				005380EF24D81A2D00C6A7CD /* Sources */,
				005380F024D81A2D00C6A7CD /* Frameworks */,
				005380F124D81A2D00C6A7CD /* CopyFiles */,
			);
			buildRules = (
			);
			dependencies = (
			);
			name = "显示数值是否相等";
			productName = "显示数值是否相等";
			productReference = 005380F324D81A2D00C6A7CD /* 显示数值是否相等 */;
			productType = "com.apple.product-type.tool";
		};
		005380FD24D81C0800C6A7CD /* 差值 */ = {
			isa = PBXNativeTarget;
			buildConfigurationList = 0053810224D81C0800C6A7CD /* Build configuration list for PBXNativeTarget "差值" */;
			buildPhases = (
				005380FA24D81C0800C6A7CD /* Sources */,
				005380FB24D81C0800C6A7CD /* Frameworks */,
				005380FC24D81C0800C6A7CD /* CopyFiles */,
			);
			buildRules = (
			);
			dependencies = (
			);
			name = "差值";
			productName = "差值";
			productReference = 005380FE24D81C0800C6A7CD /* 差值 */;
			productType = "com.apple.product-type.tool";
		};
		0053810824D8219000C6A7CD /* 练习3-12对3-4的修改 */ = {
			isa = PBXNativeTarget;
			buildConfigurationList = 0053810D24D8219000C6A7CD /* Build configuration list for PBXNativeTarget "练习3-12对3-4的修改" */;
			buildPhases = (
				0053810524D8219000C6A7CD /* Sources */,
				0053810624D8219000C6A7CD /* Frameworks */,
				0053810724D8219000C6A7CD /* CopyFiles */,
			);
			buildRules = (
			);
			dependencies = (
			);
			name = "练习3-12对3-4的修改";
			productName = "练习3-12对3-4的修改";
			productReference = 0053810924D8219000C6A7CD /* 练习3-12对3-4的修改 */;
			productType = "com.apple.product-type.tool";
		};
		0053811324D823EB00C6A7CD /* 季节 */ = {
			isa = PBXNativeTarget;
			buildConfigurationList = 0053811824D823EB00C6A7CD /* Build configuration list for PBXNativeTarget "季节" */;
			buildPhases = (
				0053811024D823EB00C6A7CD /* Sources */,
				0053811124D823EB00C6A7CD /* Frameworks */,
				0053811224D823EB00C6A7CD /* CopyFiles */,
			);
			buildRules = (
			);
			dependencies = (
			);
			name = "季节";
			productName = "季节";
			productReference = 0053811424D823EB00C6A7CD /* 季节 */;
			productType = "com.apple.product-type.tool";
		};
/* End PBXNativeTarget section */

/* Begin PBXProject section */
		0053802C24D7A22300C6A7CD /* Project object */ = {
			isa = PBXProject;
			attributes = {
				LastUpgradeCheck = 1130;
				ORGANIZATIONNAME = edz;
				TargetAttributes = {
					0004A31D24DB99270062D928 = {
						CreatedOnToolsVersion = 11.3.1;
					};
					0004A32824DB9E810062D928 = {
						CreatedOnToolsVersion = 11.3.1;
					};
					0004A33324DBA9010062D928 = {
						CreatedOnToolsVersion = 11.3.1;
					};
					0004A36A24DC1C3A0062D928 = {
						CreatedOnToolsVersion = 11.3.1;
					};
					0004A37524DC27140062D928 = {
						CreatedOnToolsVersion = 11.3.1;
					};
					0004A38024DC2BF20062D928 = {
						CreatedOnToolsVersion = 11.3.1;
					};
					0004A38B24DC2F040062D928 = {
						CreatedOnToolsVersion = 11.3.1;
					};
					0004A39624DC30D70062D928 = {
						CreatedOnToolsVersion = 11.3.1;
					};
					0053804124D7A25000C6A7CD = {
						CreatedOnToolsVersion = 11.3.1;
					};
					0053804C24D7ABD600C6A7CD = {
						CreatedOnToolsVersion = 11.3.1;
					};
					0053805724D7AFC100C6A7CD = {
						CreatedOnToolsVersion = 11.3.1;
					};
					0053807824D7BF3600C6A7CD = {
						CreatedOnToolsVersion = 11.3.1;
					};
					0053808E24D7E63200C6A7CD = {
						CreatedOnToolsVersion = 11.3.1;
					};
					0053809924D7E79C00C6A7CD = {
						CreatedOnToolsVersion = 11.3.1;
					};
					005380A424D7EA7800C6A7CD = {
						CreatedOnToolsVersion = 11.3.1;
					};
					005380AF24D7ED8600C6A7CD = {
						CreatedOnToolsVersion = 11.3.1;
					};
					005380BA24D7F26200C6A7CD = {
						CreatedOnToolsVersion = 11.3.1;
					};
					005380C524D800E700C6A7CD = {
						CreatedOnToolsVersion = 11.3.1;
					};
					005380D024D8024D00C6A7CD = {
						CreatedOnToolsVersion = 11.3.1;
					};
					005380DB24D8072F00C6A7CD = {
						CreatedOnToolsVersion = 11.3.1;
					};
					005380E624D80F3800C6A7CD = {
						CreatedOnToolsVersion = 11.3.1;
					};
					005380F224D81A2D00C6A7CD = {
						CreatedOnToolsVersion = 11.3.1;
					};
					005380FD24D81C0800C6A7CD = {
						CreatedOnToolsVersion = 11.3.1;
					};
					0053810824D8219000C6A7CD = {
						CreatedOnToolsVersion = 11.3.1;
					};
					0053811324D823EB00C6A7CD = {
						CreatedOnToolsVersion = 11.3.1;
					};
				};
			};
			buildConfigurationList = 0053802F24D7A22300C6A7CD /* Build configuration list for PBXProject "2020-8" */;
			compatibilityVersion = "Xcode 9.3";
			developmentRegion = en;
			hasScannedForEncodings = 0;
			knownRegions = (
				en,
				Base,
			);
			mainGroup = 0053802B24D7A22300C6A7CD;
			productRefGroup = 0053803524D7A22300C6A7CD /* Products */;
			projectDirPath = "";
			projectRoot = "";
			targets = (
				0053804124D7A25000C6A7CD /* 浮点数 */,
				0053804C24D7ABD600C6A7CD /* 闰年 */,
				0053805724D7AFC100C6A7CD /* 统计字符个数 */,
				0053807824D7BF3600C6A7CD /* switch语句统计字符个数 */,
				0053808E24D7E63200C6A7CD /* 约数 */,
				0053809924D7E79C00C6A7CD /* pai--while */,
				005380A424D7EA7800C6A7CD /* 统计学生成绩 */,
				005380AF24D7ED8600C6A7CD /* 计算位数 */,
				005380BA24D7F26200C6A7CD /* 素数 */,
				005380C524D800E700C6A7CD /* 绝对值 */,
				005380D024D8024D00C6A7CD /* 比较大小 */,
				005380DB24D8072F00C6A7CD /* 运算结果为1和0 */,
				005380E624D80F3800C6A7CD /* 最大值 */,
				005380F224D81A2D00C6A7CD /* 显示数值是否相等 */,
				005380FD24D81C0800C6A7CD /* 差值 */,
				0053810824D8219000C6A7CD /* 练习3-12对3-4的修改 */,
				0053811324D823EB00C6A7CD /* 季节 */,
				0004A31D24DB99270062D928 /* 数组 */,
				0004A32824DB9E810062D928 /* 数组-最小元素 */,
				0004A33324DBA9010062D928 /* 二维数组遍历 */,
				0004A36A24DC1C3A0062D928 /* 练习5-10 */,
				0004A37524DC27140062D928 /* 练习9-6 */,
				0004A38024DC2BF20062D928 /* 练习9-7 */,
				0004A38B24DC2F040062D928 /* 练习9-8 */,
				0004A39624DC30D70062D928 /* 练习9-10 */,
			);
		};
/* End PBXProject section */

/* Begin PBXSourcesBuildPhase section */
		0004A31A24DB99270062D928 /* Sources */ = {
			isa = PBXSourcesBuildPhase;
			buildActionMask = 2147483647;
			files = (
				0004A32124DB99270062D928 /* main.c in Sources */,
			);
			runOnlyForDeploymentPostprocessing = 0;
		};
		0004A32524DB9E810062D928 /* Sources */ = {
			isa = PBXSourcesBuildPhase;
			buildActionMask = 2147483647;
			files = (
				0004A32C24DB9E810062D928 /* main.c in Sources */,
			);
			runOnlyForDeploymentPostprocessing = 0;
		};
		0004A33024DBA9010062D928 /* Sources */ = {
			isa = PBXSourcesBuildPhase;
			buildActionMask = 2147483647;
			files = (
				0004A33724DBA9010062D928 /* main.c in Sources */,
			);
			runOnlyForDeploymentPostprocessing = 0;
		};
		0004A36724DC1C3A0062D928 /* Sources */ = {
			isa = PBXSourcesBuildPhase;
			buildActionMask = 2147483647;
			files = (
				0004A36E24DC1C3A0062D928 /* main.c in Sources */,
			);
			runOnlyForDeploymentPostprocessing = 0;
		};
		0004A37224DC27140062D928 /* Sources */ = {
			isa = PBXSourcesBuildPhase;
			buildActionMask = 2147483647;
			files = (
				0004A37924DC27140062D928 /* main.c in Sources */,
			);
			runOnlyForDeploymentPostprocessing = 0;
		};
		0004A37D24DC2BF20062D928 /* Sources */ = {
			isa = PBXSourcesBuildPhase;
			buildActionMask = 2147483647;
			files = (
				0004A38424DC2BF20062D928 /* main.c in Sources */,
			);
			runOnlyForDeploymentPostprocessing = 0;
		};
		0004A38824DC2F040062D928 /* Sources */ = {
			isa = PBXSourcesBuildPhase;
			buildActionMask = 2147483647;
			files = (
				0004A38F24DC2F040062D928 /* main.c in Sources */,
			);
			runOnlyForDeploymentPostprocessing = 0;
		};
		0004A39324DC30D70062D928 /* Sources */ = {
			isa = PBXSourcesBuildPhase;
			buildActionMask = 2147483647;
			files = (
				0004A39A24DC30D80062D928 /* main.c in Sources */,
			);
			runOnlyForDeploymentPostprocessing = 0;
		};
		0053803E24D7A25000C6A7CD /* Sources */ = {
			isa = PBXSourcesBuildPhase;
			buildActionMask = 2147483647;
			files = (
				0053804524D7A25000C6A7CD /* main.c in Sources */,
			);
			runOnlyForDeploymentPostprocessing = 0;
		};
		0053804924D7ABD600C6A7CD /* Sources */ = {
			isa = PBXSourcesBuildPhase;
			buildActionMask = 2147483647;
			files = (
				0053805024D7ABD600C6A7CD /* main.c in Sources */,
			);
			runOnlyForDeploymentPostprocessing = 0;
		};
		0053805424D7AFC100C6A7CD /* Sources */ = {
			isa = PBXSourcesBuildPhase;
			buildActionMask = 2147483647;
			files = (
				0053805B24D7AFC100C6A7CD /* main.c in Sources */,
			);
			runOnlyForDeploymentPostprocessing = 0;
		};
		0053807524D7BF3600C6A7CD /* Sources */ = {
			isa = PBXSourcesBuildPhase;
			buildActionMask = 2147483647;
			files = (
				0053807C24D7BF3600C6A7CD /* main.c in Sources */,
			);
			runOnlyForDeploymentPostprocessing = 0;
		};
		0053808B24D7E63200C6A7CD /* Sources */ = {
			isa = PBXSourcesBuildPhase;
			buildActionMask = 2147483647;
			files = (
				0053809224D7E63200C6A7CD /* main.c in Sources */,
			);
			runOnlyForDeploymentPostprocessing = 0;
		};
		0053809624D7E79C00C6A7CD /* Sources */ = {
			isa = PBXSourcesBuildPhase;
			buildActionMask = 2147483647;
			files = (
				0053809D24D7E79C00C6A7CD /* main.c in Sources */,
			);
			runOnlyForDeploymentPostprocessing = 0;
		};
		005380A124D7EA7800C6A7CD /* Sources */ = {
			isa = PBXSourcesBuildPhase;
			buildActionMask = 2147483647;
			files = (
				005380A824D7EA7800C6A7CD /* main.c in Sources */,
			);
			runOnlyForDeploymentPostprocessing = 0;
		};
		005380AC24D7ED8600C6A7CD /* Sources */ = {
			isa = PBXSourcesBuildPhase;
			buildActionMask = 2147483647;
			files = (
				005380B324D7ED8600C6A7CD /* main.c in Sources */,
			);
			runOnlyForDeploymentPostprocessing = 0;
		};
		005380B724D7F26200C6A7CD /* Sources */ = {
			isa = PBXSourcesBuildPhase;
			buildActionMask = 2147483647;
			files = (
				005380BE24D7F26200C6A7CD /* main.c in Sources */,
			);
			runOnlyForDeploymentPostprocessing = 0;
		};
		005380C224D800E700C6A7CD /* Sources */ = {
			isa = PBXSourcesBuildPhase;
			buildActionMask = 2147483647;
			files = (
				005380C924D800E700C6A7CD /* main.c in Sources */,
			);
			runOnlyForDeploymentPostprocessing = 0;
		};
		005380CD24D8024D00C6A7CD /* Sources */ = {
			isa = PBXSourcesBuildPhase;
			buildActionMask = 2147483647;
			files = (
				005380D424D8024D00C6A7CD /* main.c in Sources */,
			);
			runOnlyForDeploymentPostprocessing = 0;
		};
		005380D824D8072F00C6A7CD /* Sources */ = {
			isa = PBXSourcesBuildPhase;
			buildActionMask = 2147483647;
			files = (
				005380DF24D8072F00C6A7CD /* main.c in Sources */,
			);
			runOnlyForDeploymentPostprocessing = 0;
		};
		005380E324D80F3800C6A7CD /* Sources */ = {
			isa = PBXSourcesBuildPhase;
			buildActionMask = 2147483647;
			files = (
				005380EA24D80F3800C6A7CD /* main.c in Sources */,
			);
			runOnlyForDeploymentPostprocessing = 0;
		};
		005380EF24D81A2D00C6A7CD /* Sources */ = {
			isa = PBXSourcesBuildPhase;
			buildActionMask = 2147483647;
			files = (
				005380F624D81A2D00C6A7CD /* main.c in Sources */,
			);
			runOnlyForDeploymentPostprocessing = 0;
		};
		005380FA24D81C0800C6A7CD /* Sources */ = {
			isa = PBXSourcesBuildPhase;
			buildActionMask = 2147483647;
			files = (
				0053810124D81C0800C6A7CD /* main.c in Sources */,
			);
			runOnlyForDeploymentPostprocessing = 0;
		};
		0053810524D8219000C6A7CD /* Sources */ = {
			isa = PBXSourcesBuildPhase;
			buildActionMask = 2147483647;
			files = (
				0053810C24D8219000C6A7CD /* main.c in Sources */,
			);
			runOnlyForDeploymentPostprocessing = 0;
		};
		0053811024D823EB00C6A7CD /* Sources */ = {
			isa = PBXSourcesBuildPhase;
			buildActionMask = 2147483647;
			files = (
				0053811724D823EB00C6A7CD /* main.c in Sources */,
			);
			runOnlyForDeploymentPostprocessing = 0;
		};
/* End PBXSourcesBuildPhase section */

/* Begin XCBuildConfiguration section */
		0004A32224DB99270062D928 /* Debug */ = {
			isa = XCBuildConfiguration;
			buildSettings = {
				CODE_SIGN_STYLE = Automatic;
				PRODUCT_NAME = "$(TARGET_NAME)";
			};
			name = Debug;
		};
		0004A32324DB99270062D928 /* Release */ = {
			isa = XCBuildConfiguration;
			buildSettings = {
				CODE_SIGN_STYLE = Automatic;
				PRODUCT_NAME = "$(TARGET_NAME)";
			};
			name = Release;
		};
		0004A32E24DB9E810062D928 /* Debug */ = {
			isa = XCBuildConfiguration;
			buildSettings = {
				CODE_SIGN_STYLE = Automatic;
				PRODUCT_NAME = "$(TARGET_NAME)";
			};
			name = Debug;
		};
		0004A32F24DB9E810062D928 /* Release */ = {
			isa = XCBuildConfiguration;
			buildSettings = {
				CODE_SIGN_STYLE = Automatic;
				PRODUCT_NAME = "$(TARGET_NAME)";
			};
			name = Release;
		};
		0004A33924DBA9010062D928 /* Debug */ = {
			isa = XCBuildConfiguration;
			buildSettings = {
				CODE_SIGN_STYLE = Automatic;
				PRODUCT_NAME = "$(TARGET_NAME)";
			};
			name = Debug;
		};
		0004A33A24DBA9010062D928 /* Release */ = {
			isa = XCBuildConfiguration;
			buildSettings = {
				CODE_SIGN_STYLE = Automatic;
				PRODUCT_NAME = "$(TARGET_NAME)";
			};
			name = Release;
		};
		0004A37024DC1C3A0062D928 /* Debug */ = {
			isa = XCBuildConfiguration;
			buildSettings = {
				CODE_SIGN_STYLE = Automatic;
				PRODUCT_NAME = "$(TARGET_NAME)";
			};
			name = Debug;
		};
		0004A37124DC1C3A0062D928 /* Release */ = {
			isa = XCBuildConfiguration;
			buildSettings = {
				CODE_SIGN_STYLE = Automatic;
				PRODUCT_NAME = "$(TARGET_NAME)";
			};
			name = Release;
		};
		0004A37B24DC27140062D928 /* Debug */ = {
			isa = XCBuildConfiguration;
			buildSettings = {
				CODE_SIGN_STYLE = Automatic;
				PRODUCT_NAME = "$(TARGET_NAME)";
			};
			name = Debug;
		};
		0004A37C24DC27140062D928 /* Release */ = {
			isa = XCBuildConfiguration;
			buildSettings = {
				CODE_SIGN_STYLE = Automatic;
				PRODUCT_NAME = "$(TARGET_NAME)";
			};
			name = Release;
		};
		0004A38624DC2BF20062D928 /* Debug */ = {
			isa = XCBuildConfiguration;
			buildSettings = {
				CODE_SIGN_STYLE = Automatic;
				PRODUCT_NAME = "$(TARGET_NAME)";
			};
			name = Debug;
		};
		0004A38724DC2BF20062D928 /* Release */ = {
			isa = XCBuildConfiguration;
			buildSettings = {
				CODE_SIGN_STYLE = Automatic;
				PRODUCT_NAME = "$(TARGET_NAME)";
			};
			name = Release;
		};
		0004A39124DC2F040062D928 /* Debug */ = {
			isa = XCBuildConfiguration;
			buildSettings = {
				CODE_SIGN_STYLE = Automatic;
				PRODUCT_NAME = "$(TARGET_NAME)";
			};
			name = Debug;
		};
		0004A39224DC2F040062D928 /* Release */ = {
			isa = XCBuildConfiguration;
			buildSettings = {
				CODE_SIGN_STYLE = Automatic;
				PRODUCT_NAME = "$(TARGET_NAME)";
			};
			name = Release;
		};
		0004A39C24DC30D80062D928 /* Debug */ = {
			isa = XCBuildConfiguration;
			buildSettings = {
				CODE_SIGN_STYLE = Automatic;
				PRODUCT_NAME = "$(TARGET_NAME)";
			};
			name = Debug;
		};
		0004A39D24DC30D80062D928 /* Release */ = {
			isa = XCBuildConfiguration;
			buildSettings = {
				CODE_SIGN_STYLE = Automatic;
				PRODUCT_NAME = "$(TARGET_NAME)";
			};
			name = Release;
		};
		0053803924D7A22300C6A7CD /* Debug */ = {
			isa = XCBuildConfiguration;
			buildSettings = {
				ALWAYS_SEARCH_USER_PATHS = NO;
				CLANG_ANALYZER_NONNULL = YES;
				CLANG_ANALYZER_NUMBER_OBJECT_CONVERSION = YES_AGGRESSIVE;
				CLANG_CXX_LANGUAGE_STANDARD = "gnu++14";
				CLANG_CXX_LIBRARY = "libc++";
				CLANG_ENABLE_MODULES = YES;
				CLANG_ENABLE_OBJC_ARC = YES;
				CLANG_ENABLE_OBJC_WEAK = YES;
				CLANG_WARN_BLOCK_CAPTURE_AUTORELEASING = YES;
				CLANG_WARN_BOOL_CONVERSION = YES;
				CLANG_WARN_COMMA = YES;
				CLANG_WARN_CONSTANT_CONVERSION = YES;
				CLANG_WARN_DEPRECATED_OBJC_IMPLEMENTATIONS = YES;
				CLANG_WARN_DIRECT_OBJC_ISA_USAGE = YES_ERROR;
				CLANG_WARN_DOCUMENTATION_COMMENTS = YES;
				CLANG_WARN_EMPTY_BODY = YES;
				CLANG_WARN_ENUM_CONVERSION = YES;
				CLANG_WARN_INFINITE_RECURSION = YES;
				CLANG_WARN_INT_CONVERSION = YES;
				CLANG_WARN_NON_LITERAL_NULL_CONVERSION = YES;
				CLANG_WARN_OBJC_IMPLICIT_RETAIN_SELF = YES;
				CLANG_WARN_OBJC_LITERAL_CONVERSION = YES;
				CLANG_WARN_OBJC_ROOT_CLASS = YES_ERROR;
				CLANG_WARN_RANGE_LOOP_ANALYSIS = YES;
				CLANG_WARN_STRICT_PROTOTYPES = YES;
				CLANG_WARN_SUSPICIOUS_MOVE = YES;
				CLANG_WARN_UNGUARDED_AVAILABILITY = YES_AGGRESSIVE;
				CLANG_WARN_UNREACHABLE_CODE = YES;
				CLANG_WARN__DUPLICATE_METHOD_MATCH = YES;
				COPY_PHASE_STRIP = NO;
				DEBUG_INFORMATION_FORMAT = dwarf;
				ENABLE_STRICT_OBJC_MSGSEND = YES;
				ENABLE_TESTABILITY = YES;
				GCC_C_LANGUAGE_STANDARD = gnu11;
				GCC_DYNAMIC_NO_PIC = NO;
				GCC_NO_COMMON_BLOCKS = YES;
				GCC_OPTIMIZATION_LEVEL = 0;
				GCC_PREPROCESSOR_DEFINITIONS = (
					"DEBUG=1",
					"$(inherited)",
				);
				GCC_WARN_64_TO_32_BIT_CONVERSION = YES;
				GCC_WARN_ABOUT_RETURN_TYPE = YES_ERROR;
				GCC_WARN_UNDECLARED_SELECTOR = YES;
				GCC_WARN_UNINITIALIZED_AUTOS = YES_AGGRESSIVE;
				GCC_WARN_UNUSED_FUNCTION = YES;
				GCC_WARN_UNUSED_VARIABLE = YES;
				MACOSX_DEPLOYMENT_TARGET = 10.14;
				MTL_ENABLE_DEBUG_INFO = INCLUDE_SOURCE;
				MTL_FAST_MATH = YES;
				ONLY_ACTIVE_ARCH = YES;
				SDKROOT = macosx;
			};
			name = Debug;
		};
		0053803A24D7A22300C6A7CD /* Release */ = {
			isa = XCBuildConfiguration;
			buildSettings = {
				ALWAYS_SEARCH_USER_PATHS = NO;
				CLANG_ANALYZER_NONNULL = YES;
				CLANG_ANALYZER_NUMBER_OBJECT_CONVERSION = YES_AGGRESSIVE;
				CLANG_CXX_LANGUAGE_STANDARD = "gnu++14";
				CLANG_CXX_LIBRARY = "libc++";
				CLANG_ENABLE_MODULES = YES;
				CLANG_ENABLE_OBJC_ARC = YES;
				CLANG_ENABLE_OBJC_WEAK = YES;
				CLANG_WARN_BLOCK_CAPTURE_AUTORELEASING = YES;
				CLANG_WARN_BOOL_CONVERSION = YES;
				CLANG_WARN_COMMA = YES;
				CLANG_WARN_CONSTANT_CONVERSION = YES;
				CLANG_WARN_DEPRECATED_OBJC_IMPLEMENTATIONS = YES;
				CLANG_WARN_DIRECT_OBJC_ISA_USAGE = YES_ERROR;
				CLANG_WARN_DOCUMENTATION_COMMENTS = YES;
				CLANG_WARN_EMPTY_BODY = YES;
				CLANG_WARN_ENUM_CONVERSION = YES;
				CLANG_WARN_INFINITE_RECURSION = YES;
				CLANG_WARN_INT_CONVERSION = YES;
				CLANG_WARN_NON_LITERAL_NULL_CONVERSION = YES;
				CLANG_WARN_OBJC_IMPLICIT_RETAIN_SELF = YES;
				CLANG_WARN_OBJC_LITERAL_CONVERSION = YES;
				CLANG_WARN_OBJC_ROOT_CLASS = YES_ERROR;
				CLANG_WARN_RANGE_LOOP_ANALYSIS = YES;
				CLANG_WARN_STRICT_PROTOTYPES = YES;
				CLANG_WARN_SUSPICIOUS_MOVE = YES;
				CLANG_WARN_UNGUARDED_AVAILABILITY = YES_AGGRESSIVE;
				CLANG_WARN_UNREACHABLE_CODE = YES;
				CLANG_WARN__DUPLICATE_METHOD_MATCH = YES;
				COPY_PHASE_STRIP = NO;
				DEBUG_INFORMATION_FORMAT = "dwarf-with-dsym";
				ENABLE_NS_ASSERTIONS = NO;
				ENABLE_STRICT_OBJC_MSGSEND = YES;
				GCC_C_LANGUAGE_STANDARD = gnu11;
				GCC_NO_COMMON_BLOCKS = YES;
				GCC_WARN_64_TO_32_BIT_CONVERSION = YES;
				GCC_WARN_ABOUT_RETURN_TYPE = YES_ERROR;
				GCC_WARN_UNDECLARED_SELECTOR = YES;
				GCC_WARN_UNINITIALIZED_AUTOS = YES_AGGRESSIVE;
				GCC_WARN_UNUSED_FUNCTION = YES;
				GCC_WARN_UNUSED_VARIABLE = YES;
				MACOSX_DEPLOYMENT_TARGET = 10.14;
				MTL_ENABLE_DEBUG_INFO = NO;
				MTL_FAST_MATH = YES;
				SDKROOT = macosx;
			};
			name = Release;
		};
		0053804724D7A25000C6A7CD /* Debug */ = {
			isa = XCBuildConfiguration;
			buildSettings = {
				CODE_SIGN_STYLE = Automatic;
				PRODUCT_NAME = "$(TARGET_NAME)";
			};
			name = Debug;
		};
		0053804824D7A25000C6A7CD /* Release */ = {
			isa = XCBuildConfiguration;
			buildSettings = {
				CODE_SIGN_STYLE = Automatic;
				PRODUCT_NAME = "$(TARGET_NAME)";
			};
			name = Release;
		};
		0053805224D7ABD600C6A7CD /* Debug */ = {
			isa = XCBuildConfiguration;
			buildSettings = {
				CODE_SIGN_STYLE = Automatic;
				PRODUCT_NAME = "$(TARGET_NAME)";
			};
			name = Debug;
		};
		0053805324D7ABD600C6A7CD /* Release */ = {
			isa = XCBuildConfiguration;
			buildSettings = {
				CODE_SIGN_STYLE = Automatic;
				PRODUCT_NAME = "$(TARGET_NAME)";
			};
			name = Release;
		};
		0053805D24D7AFC100C6A7CD /* Debug */ = {
			isa = XCBuildConfiguration;
			buildSettings = {
				CODE_SIGN_STYLE = Automatic;
				PRODUCT_NAME = "$(TARGET_NAME)";
			};
			name = Debug;
		};
		0053805E24D7AFC100C6A7CD /* Release */ = {
			isa = XCBuildConfiguration;
			buildSettings = {
				CODE_SIGN_STYLE = Automatic;
				PRODUCT_NAME = "$(TARGET_NAME)";
			};
			name = Release;
		};
		0053807D24D7BF3600C6A7CD /* Debug */ = {
			isa = XCBuildConfiguration;
			buildSettings = {
				CODE_SIGN_STYLE = Automatic;
				PRODUCT_NAME = "$(TARGET_NAME)";
			};
			name = Debug;
		};
		0053807E24D7BF3600C6A7CD /* Release */ = {
			isa = XCBuildConfiguration;
			buildSettings = {
				CODE_SIGN_STYLE = Automatic;
				PRODUCT_NAME = "$(TARGET_NAME)";
			};
			name = Release;
		};
		0053809324D7E63200C6A7CD /* Debug */ = {
			isa = XCBuildConfiguration;
			buildSettings = {
				CODE_SIGN_STYLE = Automatic;
				PRODUCT_NAME = "$(TARGET_NAME)";
			};
			name = Debug;
		};
		0053809424D7E63200C6A7CD /* Release */ = {
			isa = XCBuildConfiguration;
			buildSettings = {
				CODE_SIGN_STYLE = Automatic;
				PRODUCT_NAME = "$(TARGET_NAME)";
			};
			name = Release;
		};
		0053809F24D7E79C00C6A7CD /* Debug */ = {
			isa = XCBuildConfiguration;
			buildSettings = {
				CODE_SIGN_STYLE = Automatic;
				PRODUCT_NAME = "$(TARGET_NAME)";
			};
			name = Debug;
		};
		005380A024D7E79C00C6A7CD /* Release */ = {
			isa = XCBuildConfiguration;
			buildSettings = {
				CODE_SIGN_STYLE = Automatic;
				PRODUCT_NAME = "$(TARGET_NAME)";
			};
			name = Release;
		};
		005380AA24D7EA7800C6A7CD /* Debug */ = {
			isa = XCBuildConfiguration;
			buildSettings = {
				CODE_SIGN_STYLE = Automatic;
				PRODUCT_NAME = "$(TARGET_NAME)";
			};
			name = Debug;
		};
		005380AB24D7EA7800C6A7CD /* Release */ = {
			isa = XCBuildConfiguration;
			buildSettings = {
				CODE_SIGN_STYLE = Automatic;
				PRODUCT_NAME = "$(TARGET_NAME)";
			};
			name = Release;
		};
		005380B524D7ED8600C6A7CD /* Debug */ = {
			isa = XCBuildConfiguration;
			buildSettings = {
				CODE_SIGN_STYLE = Automatic;
				PRODUCT_NAME = "$(TARGET_NAME)";
			};
			name = Debug;
		};
		005380B624D7ED8600C6A7CD /* Release */ = {
			isa = XCBuildConfiguration;
			buildSettings = {
				CODE_SIGN_STYLE = Automatic;
				PRODUCT_NAME = "$(TARGET_NAME)";
			};
			name = Release;
		};
		005380C024D7F26200C6A7CD /* Debug */ = {
			isa = XCBuildConfiguration;
			buildSettings = {
				CODE_SIGN_STYLE = Automatic;
				PRODUCT_NAME = "$(TARGET_NAME)";
			};
			name = Debug;
		};
		005380C124D7F26200C6A7CD /* Release */ = {
			isa = XCBuildConfiguration;
			buildSettings = {
				CODE_SIGN_STYLE = Automatic;
				PRODUCT_NAME = "$(TARGET_NAME)";
			};
			name = Release;
		};
		005380CA24D800E700C6A7CD /* Debug */ = {
			isa = XCBuildConfiguration;
			buildSettings = {
				CODE_SIGN_STYLE = Automatic;
				PRODUCT_NAME = "$(TARGET_NAME)";
			};
			name = Debug;
		};
		005380CB24D800E700C6A7CD /* Release */ = {
			isa = XCBuildConfiguration;
			buildSettings = {
				CODE_SIGN_STYLE = Automatic;
				PRODUCT_NAME = "$(TARGET_NAME)";
			};
			name = Release;
		};
		005380D624D8024D00C6A7CD /* Debug */ = {
			isa = XCBuildConfiguration;
			buildSettings = {
				CODE_SIGN_STYLE = Automatic;
				PRODUCT_NAME = "$(TARGET_NAME)";
			};
			name = Debug;
		};
		005380D724D8024D00C6A7CD /* Release */ = {
			isa = XCBuildConfiguration;
			buildSettings = {
				CODE_SIGN_STYLE = Automatic;
				PRODUCT_NAME = "$(TARGET_NAME)";
			};
			name = Release;
		};
		005380E124D8072F00C6A7CD /* Debug */ = {
			isa = XCBuildConfiguration;
			buildSettings = {
				CODE_SIGN_STYLE = Automatic;
				PRODUCT_NAME = "$(TARGET_NAME)";
			};
			name = Debug;
		};
		005380E224D8072F00C6A7CD /* Release */ = {
			isa = XCBuildConfiguration;
			buildSettings = {
				CODE_SIGN_STYLE = Automatic;
				PRODUCT_NAME = "$(TARGET_NAME)";
			};
			name = Release;
		};
		005380EC24D80F3800C6A7CD /* Debug */ = {
			isa = XCBuildConfiguration;
			buildSettings = {
				CODE_SIGN_STYLE = Automatic;
				PRODUCT_NAME = "$(TARGET_NAME)";
			};
			name = Debug;
		};
		005380ED24D80F3800C6A7CD /* Release */ = {
			isa = XCBuildConfiguration;
			buildSettings = {
				CODE_SIGN_STYLE = Automatic;
				PRODUCT_NAME = "$(TARGET_NAME)";
			};
			name = Release;
		};
		005380F824D81A2D00C6A7CD /* Debug */ = {
			isa = XCBuildConfiguration;
			buildSettings = {
				CODE_SIGN_STYLE = Automatic;
				PRODUCT_NAME = "$(TARGET_NAME)";
			};
			name = Debug;
		};
		005380F924D81A2D00C6A7CD /* Release */ = {
			isa = XCBuildConfiguration;
			buildSettings = {
				CODE_SIGN_STYLE = Automatic;
				PRODUCT_NAME = "$(TARGET_NAME)";
			};
			name = Release;
		};
		0053810324D81C0800C6A7CD /* Debug */ = {
			isa = XCBuildConfiguration;
			buildSettings = {
				CODE_SIGN_STYLE = Automatic;
				PRODUCT_NAME = "$(TARGET_NAME)";
			};
			name = Debug;
		};
		0053810424D81C0800C6A7CD /* Release */ = {
			isa = XCBuildConfiguration;
			buildSettings = {
				CODE_SIGN_STYLE = Automatic;
				PRODUCT_NAME = "$(TARGET_NAME)";
			};
			name = Release;
		};
		0053810E24D8219000C6A7CD /* Debug */ = {
			isa = XCBuildConfiguration;
			buildSettings = {
				CODE_SIGN_STYLE = Automatic;
				PRODUCT_NAME = "$(TARGET_NAME)";
			};
			name = Debug;
		};
		0053810F24D8219000C6A7CD /* Release */ = {
			isa = XCBuildConfiguration;
			buildSettings = {
				CODE_SIGN_STYLE = Automatic;
				PRODUCT_NAME = "$(TARGET_NAME)";
			};
			name = Release;
		};
		0053811924D823EB00C6A7CD /* Debug */ = {
			isa = XCBuildConfiguration;
			buildSettings = {
				CODE_SIGN_STYLE = Automatic;
				PRODUCT_NAME = "$(TARGET_NAME)";
			};
			name = Debug;
		};
		0053811A24D823EB00C6A7CD /* Release */ = {
			isa = XCBuildConfiguration;
			buildSettings = {
				CODE_SIGN_STYLE = Automatic;
				PRODUCT_NAME = "$(TARGET_NAME)";
			};
			name = Release;
		};
/* End XCBuildConfiguration section */

/* Begin XCConfigurationList section */
		0004A32424DB99270062D928 /* Build configuration list for PBXNativeTarget "数组" */ = {
			isa = XCConfigurationList;
			buildConfigurations = (
				0004A32224DB99270062D928 /* Debug */,
				0004A32324DB99270062D928 /* Release */,
			);
			defaultConfigurationIsVisible = 0;
			defaultConfigurationName = Release;
		};
		0004A32D24DB9E810062D928 /* Build configuration list for PBXNativeTarget "数组-最小元素" */ = {
			isa = XCConfigurationList;
			buildConfigurations = (
				0004A32E24DB9E810062D928 /* Debug */,
				0004A32F24DB9E810062D928 /* Release */,
			);
			defaultConfigurationIsVisible = 0;
			defaultConfigurationName = Release;
		};
		0004A33824DBA9010062D928 /* Build configuration list for PBXNativeTarget "二维数组遍历" */ = {
			isa = XCConfigurationList;
			buildConfigurations = (
				0004A33924DBA9010062D928 /* Debug */,
				0004A33A24DBA9010062D928 /* Release */,
			);
			defaultConfigurationIsVisible = 0;
			defaultConfigurationName = Release;
		};
		0004A36F24DC1C3A0062D928 /* Build configuration list for PBXNativeTarget "练习5-10" */ = {
			isa = XCConfigurationList;
			buildConfigurations = (
				0004A37024DC1C3A0062D928 /* Debug */,
				0004A37124DC1C3A0062D928 /* Release */,
			);
			defaultConfigurationIsVisible = 0;
			defaultConfigurationName = Release;
		};
		0004A37A24DC27140062D928 /* Build configuration list for PBXNativeTarget "练习9-6" */ = {
			isa = XCConfigurationList;
			buildConfigurations = (
				0004A37B24DC27140062D928 /* Debug */,
				0004A37C24DC27140062D928 /* Release */,
			);
			defaultConfigurationIsVisible = 0;
			defaultConfigurationName = Release;
		};
		0004A38524DC2BF20062D928 /* Build configuration list for PBXNativeTarget "练习9-7" */ = {
			isa = XCConfigurationList;
			buildConfigurations = (
				0004A38624DC2BF20062D928 /* Debug */,
				0004A38724DC2BF20062D928 /* Release */,
			);
			defaultConfigurationIsVisible = 0;
			defaultConfigurationName = Release;
		};
		0004A39024DC2F040062D928 /* Build configuration list for PBXNativeTarget "练习9-8" */ = {
			isa = XCConfigurationList;
			buildConfigurations = (
				0004A39124DC2F040062D928 /* Debug */,
				0004A39224DC2F040062D928 /* Release */,
			);
			defaultConfigurationIsVisible = 0;
			defaultConfigurationName = Release;
		};
		0004A39B24DC30D80062D928 /* Build configuration list for PBXNativeTarget "练习9-10" */ = {
			isa = XCConfigurationList;
			buildConfigurations = (
				0004A39C24DC30D80062D928 /* Debug */,
				0004A39D24DC30D80062D928 /* Release */,
			);
			defaultConfigurationIsVisible = 0;
			defaultConfigurationName = Release;
		};
		0053802F24D7A22300C6A7CD /* Build configuration list for PBXProject "2020-8" */ = {
			isa = XCConfigurationList;
			buildConfigurations = (
				0053803924D7A22300C6A7CD /* Debug */,
				0053803A24D7A22300C6A7CD /* Release */,
			);
			defaultConfigurationIsVisible = 0;
			defaultConfigurationName = Release;
		};
		0053804624D7A25000C6A7CD /* Build configuration list for PBXNativeTarget "浮点数" */ = {
			isa = XCConfigurationList;
			buildConfigurations = (
				0053804724D7A25000C6A7CD /* Debug */,
				0053804824D7A25000C6A7CD /* Release */,
			);
			defaultConfigurationIsVisible = 0;
			defaultConfigurationName = Release;
		};
		0053805124D7ABD600C6A7CD /* Build configuration list for PBXNativeTarget "闰年" */ = {
			isa = XCConfigurationList;
			buildConfigurations = (
				0053805224D7ABD600C6A7CD /* Debug */,
				0053805324D7ABD600C6A7CD /* Release */,
			);
			defaultConfigurationIsVisible = 0;
			defaultConfigurationName = Release;
		};
		0053805C24D7AFC100C6A7CD /* Build configuration list for PBXNativeTarget "统计字符个数" */ = {
			isa = XCConfigurationList;
			buildConfigurations = (
				0053805D24D7AFC100C6A7CD /* Debug */,
				0053805E24D7AFC100C6A7CD /* Release */,
			);
			defaultConfigurationIsVisible = 0;
			defaultConfigurationName = Release;
		};
		0053807F24D7BF3600C6A7CD /* Build configuration list for PBXNativeTarget "switch语句统计字符个数" */ = {
			isa = XCConfigurationList;
			buildConfigurations = (
				0053807D24D7BF3600C6A7CD /* Debug */,
				0053807E24D7BF3600C6A7CD /* Release */,
			);
			defaultConfigurationIsVisible = 0;
			defaultConfigurationName = Release;
		};
		0053809524D7E63200C6A7CD /* Build configuration list for PBXNativeTarget "约数" */ = {
			isa = XCConfigurationList;
			buildConfigurations = (
				0053809324D7E63200C6A7CD /* Debug */,
				0053809424D7E63200C6A7CD /* Release */,
			);
			defaultConfigurationIsVisible = 0;
			defaultConfigurationName = Release;
		};
		0053809E24D7E79C00C6A7CD /* Build configuration list for PBXNativeTarget "pai--while" */ = {
			isa = XCConfigurationList;
			buildConfigurations = (
				0053809F24D7E79C00C6A7CD /* Debug */,
				005380A024D7E79C00C6A7CD /* Release */,
			);
			defaultConfigurationIsVisible = 0;
			defaultConfigurationName = Release;
		};
		005380A924D7EA7800C6A7CD /* Build configuration list for PBXNativeTarget "统计学生成绩" */ = {
			isa = XCConfigurationList;
			buildConfigurations = (
				005380AA24D7EA7800C6A7CD /* Debug */,
				005380AB24D7EA7800C6A7CD /* Release */,
			);
			defaultConfigurationIsVisible = 0;
			defaultConfigurationName = Release;
		};
		005380B424D7ED8600C6A7CD /* Build configuration list for PBXNativeTarget "计算位数" */ = {
			isa = XCConfigurationList;
			buildConfigurations = (
				005380B524D7ED8600C6A7CD /* Debug */,
				005380B624D7ED8600C6A7CD /* Release */,
			);
			defaultConfigurationIsVisible = 0;
			defaultConfigurationName = Release;
		};
		005380BF24D7F26200C6A7CD /* Build configuration list for PBXNativeTarget "素数" */ = {
			isa = XCConfigurationList;
			buildConfigurations = (
				005380C024D7F26200C6A7CD /* Debug */,
				005380C124D7F26200C6A7CD /* Release */,
			);
			defaultConfigurationIsVisible = 0;
			defaultConfigurationName = Release;
		};
		005380CC24D800E700C6A7CD /* Build configuration list for PBXNativeTarget "绝对值" */ = {
			isa = XCConfigurationList;
			buildConfigurations = (
				005380CA24D800E700C6A7CD /* Debug */,
				005380CB24D800E700C6A7CD /* Release */,
			);
			defaultConfigurationIsVisible = 0;
			defaultConfigurationName = Release;
		};
		005380D524D8024D00C6A7CD /* Build configuration list for PBXNativeTarget "比较大小" */ = {
			isa = XCConfigurationList;
			buildConfigurations = (
				005380D624D8024D00C6A7CD /* Debug */,
				005380D724D8024D00C6A7CD /* Release */,
			);
			defaultConfigurationIsVisible = 0;
			defaultConfigurationName = Release;
		};
		005380E024D8072F00C6A7CD /* Build configuration list for PBXNativeTarget "运算结果为1和0" */ = {
			isa = XCConfigurationList;
			buildConfigurations = (
				005380E124D8072F00C6A7CD /* Debug */,
				005380E224D8072F00C6A7CD /* Release */,
			);
			defaultConfigurationIsVisible = 0;
			defaultConfigurationName = Release;
		};
		005380EB24D80F3800C6A7CD /* Build configuration list for PBXNativeTarget "最大值" */ = {
			isa = XCConfigurationList;
			buildConfigurations = (
				005380EC24D80F3800C6A7CD /* Debug */,
				005380ED24D80F3800C6A7CD /* Release */,
			);
			defaultConfigurationIsVisible = 0;
			defaultConfigurationName = Release;
		};
		005380F724D81A2D00C6A7CD /* Build configuration list for PBXNativeTarget "显示数值是否相等" */ = {
			isa = XCConfigurationList;
			buildConfigurations = (
				005380F824D81A2D00C6A7CD /* Debug */,
				005380F924D81A2D00C6A7CD /* Release */,
			);
			defaultConfigurationIsVisible = 0;
			defaultConfigurationName = Release;
		};
		0053810224D81C0800C6A7CD /* Build configuration list for PBXNativeTarget "差值" */ = {
			isa = XCConfigurationList;
			buildConfigurations = (
				0053810324D81C0800C6A7CD /* Debug */,
				0053810424D81C0800C6A7CD /* Release */,
			);
			defaultConfigurationIsVisible = 0;
			defaultConfigurationName = Release;
		};
		0053810D24D8219000C6A7CD /* Build configuration list for PBXNativeTarget "练习3-12对3-4的修改" */ = {
			isa = XCConfigurationList;
			buildConfigurations = (
				0053810E24D8219000C6A7CD /* Debug */,
				0053810F24D8219000C6A7CD /* Release */,
			);
			defaultConfigurationIsVisible = 0;
			defaultConfigurationName = Release;
		};
		0053811824D823EB00C6A7CD /* Build configuration list for PBXNativeTarget "季节" */ = {
			isa = XCConfigurationList;
			buildConfigurations = (
				0053811924D823EB00C6A7CD /* Debug */,
				0053811A24D823EB00C6A7CD /* Release */,
			);
			defaultConfigurationIsVisible = 0;
			defaultConfigurationName = Release;
		};
/* End XCConfigurationList section */
	};
	rootObject = 0053802C24D7A22300C6A7CD /* Project object */;
}
