// !$*UTF8*$!
{
	archiveVersion = 1;
	classes = {
	};
	objectVersion = 50;
	objects = {

/* Begin PBXBuildFile section */
		000413A524D3EC9F00150EE0 /* main.c in Sources */ = {isa = PBXBuildFile; fileRef = 000413A424D3EC9F00150EE0 /* main.c */; };
		000413B024D3F0BE00150EE0 /* main.c in Sources */ = {isa = PBXBuildFile; fileRef = 000413AF24D3F0BE00150EE0 /* main.c */; };
		000413BB24D3F1EB00150EE0 /* main.c in Sources */ = {isa = PBXBuildFile; fileRef = 000413BA24D3F1EB00150EE0 /* main.c */; };
		000413C624D3F40200150EE0 /* main.c in Sources */ = {isa = PBXBuildFile; fileRef = 000413C524D3F40200150EE0 /* main.c */; };
		000413D124D3F68900150EE0 /* main.c in Sources */ = {isa = PBXBuildFile; fileRef = 000413D024D3F68900150EE0 /* main.c */; };
/* End PBXBuildFile section */

/* Begin PBXCopyFilesBuildPhase section */
		000413A024D3EC9F00150EE0 /* CopyFiles */ = {
			isa = PBXCopyFilesBuildPhase;
			buildActionMask = 2147483647;
			dstPath = /usr/share/man/man1/;
			dstSubfolderSpec = 0;
			files = (
			);
			runOnlyForDeploymentPostprocessing = 1;
		};
		000413AB24D3F0BE00150EE0 /* CopyFiles */ = {
			isa = PBXCopyFilesBuildPhase;
			buildActionMask = 2147483647;
			dstPath = /usr/share/man/man1/;
			dstSubfolderSpec = 0;
			files = (
			);
			runOnlyForDeploymentPostprocessing = 1;
		};
		000413B624D3F1EB00150EE0 /* CopyFiles */ = {
			isa = PBXCopyFilesBuildPhase;
			buildActionMask = 2147483647;
			dstPath = /usr/share/man/man1/;
			dstSubfolderSpec = 0;
			files = (
			);
			runOnlyForDeploymentPostprocessing = 1;
		};
		000413C124D3F40200150EE0 /* CopyFiles */ = {
			isa = PBXCopyFilesBuildPhase;
			buildActionMask = 2147483647;
			dstPath = /usr/share/man/man1/;
			dstSubfolderSpec = 0;
			files = (
			);
			runOnlyForDeploymentPostprocessing = 1;
		};
		000413CC24D3F68900150EE0 /* CopyFiles */ = {
			isa = PBXCopyFilesBuildPhase;
			buildActionMask = 2147483647;
			dstPath = /usr/share/man/man1/;
			dstSubfolderSpec = 0;
			files = (
			);
			runOnlyForDeploymentPostprocessing = 1;
		};
/* End PBXCopyFilesBuildPhase section */

/* Begin PBXFileReference section */
		000413A224D3EC9F00150EE0 /* 利息 */ = {isa = PBXFileReference; explicitFileType = "compiled.mach-o.executable"; includeInIndex = 0; path = "利息"; sourceTree = BUILT_PRODUCTS_DIR; };
		000413A424D3EC9F00150EE0 /* main.c */ = {isa = PBXFileReference; lastKnownFileType = sourcecode.c.c; path = main.c; sourceTree = "<group>"; };
		000413AD24D3F0BE00150EE0 /* 循环' */ = {isa = PBXFileReference; explicitFileType = "compiled.mach-o.executable"; includeInIndex = 0; path = "循环'"; sourceTree = BUILT_PRODUCTS_DIR; };
		000413AF24D3F0BE00150EE0 /* main.c */ = {isa = PBXFileReference; lastKnownFileType = sourcecode.c.c; path = main.c; sourceTree = "<group>"; };
		000413B824D3F1EB00150EE0 /* 前n项和 */ = {isa = PBXFileReference; explicitFileType = "compiled.mach-o.executable"; includeInIndex = 0; path = "前n项和"; sourceTree = BUILT_PRODUCTS_DIR; };
		000413BA24D3F1EB00150EE0 /* main.c */ = {isa = PBXFileReference; lastKnownFileType = sourcecode.c.c; path = main.c; sourceTree = "<group>"; };
		000413C324D3F40200150EE0 /* n的阶乘 */ = {isa = PBXFileReference; explicitFileType = "compiled.mach-o.executable"; includeInIndex = 0; path = "n的阶乘"; sourceTree = BUILT_PRODUCTS_DIR; };
		000413C524D3F40200150EE0 /* main.c */ = {isa = PBXFileReference; lastKnownFileType = sourcecode.c.c; path = main.c; sourceTree = "<group>"; };
		000413CE24D3F68900150EE0 /* pai */ = {isa = PBXFileReference; explicitFileType = "compiled.mach-o.executable"; includeInIndex = 0; path = pai; sourceTree = BUILT_PRODUCTS_DIR; };
		000413D024D3F68900150EE0 /* main.c */ = {isa = PBXFileReference; lastKnownFileType = sourcecode.c.c; path = main.c; sourceTree = "<group>"; };
/* End PBXFileReference section */

/* Begin PBXFrameworksBuildPhase section */
		0004139F24D3EC9F00150EE0 /* Frameworks */ = {
			isa = PBXFrameworksBuildPhase;
			buildActionMask = 2147483647;
			files = (
			);
			runOnlyForDeploymentPostprocessing = 0;
		};
		000413AA24D3F0BE00150EE0 /* Frameworks */ = {
			isa = PBXFrameworksBuildPhase;
			buildActionMask = 2147483647;
			files = (
			);
			runOnlyForDeploymentPostprocessing = 0;
		};
		000413B524D3F1EB00150EE0 /* Frameworks */ = {
			isa = PBXFrameworksBuildPhase;
			buildActionMask = 2147483647;
			files = (
			);
			runOnlyForDeploymentPostprocessing = 0;
		};
		000413C024D3F40200150EE0 /* Frameworks */ = {
			isa = PBXFrameworksBuildPhase;
			buildActionMask = 2147483647;
			files = (
			);
			runOnlyForDeploymentPostprocessing = 0;
		};
		000413CB24D3F68900150EE0 /* Frameworks */ = {
			isa = PBXFrameworksBuildPhase;
			buildActionMask = 2147483647;
			files = (
			);
			runOnlyForDeploymentPostprocessing = 0;
		};
/* End PBXFrameworksBuildPhase section */

/* Begin PBXGroup section */
		0004138B24D3E9C800150EE0 = {
			isa = PBXGroup;
			children = (
				000413A324D3EC9F00150EE0 /* 利息 */,
				000413AE24D3F0BE00150EE0 /* 循环' */,
				000413B924D3F1EB00150EE0 /* 前n项和 */,
				000413C424D3F40200150EE0 /* n的阶乘 */,
				000413CF24D3F68900150EE0 /* pai */,
				0004139524D3E9C800150EE0 /* Products */,
			);
			sourceTree = "<group>";
		};
		0004139524D3E9C800150EE0 /* Products */ = {
			isa = PBXGroup;
			children = (
				000413A224D3EC9F00150EE0 /* 利息 */,
				000413AD24D3F0BE00150EE0 /* 循环' */,
				000413B824D3F1EB00150EE0 /* 前n项和 */,
				000413C324D3F40200150EE0 /* n的阶乘 */,
				000413CE24D3F68900150EE0 /* pai */,
			);
			name = Products;
			sourceTree = "<group>";
		};
		000413A324D3EC9F00150EE0 /* 利息 */ = {
			isa = PBXGroup;
			children = (
				000413A424D3EC9F00150EE0 /* main.c */,
			);
			path = "利息";
			sourceTree = "<group>";
		};
		000413AE24D3F0BE00150EE0 /* 循环' */ = {
			isa = PBXGroup;
			children = (
				000413AF24D3F0BE00150EE0 /* main.c */,
			);
			path = "循环'";
			sourceTree = "<group>";
		};
		000413B924D3F1EB00150EE0 /* 前n项和 */ = {
			isa = PBXGroup;
			children = (
				000413BA24D3F1EB00150EE0 /* main.c */,
			);
			path = "前n项和";
			sourceTree = "<group>";
		};
		000413C424D3F40200150EE0 /* n的阶乘 */ = {
			isa = PBXGroup;
			children = (
				000413C524D3F40200150EE0 /* main.c */,
			);
			path = "n的阶乘";
			sourceTree = "<group>";
		};
		000413CF24D3F68900150EE0 /* pai */ = {
			isa = PBXGroup;
			children = (
				000413D024D3F68900150EE0 /* main.c */,
			);
			path = pai;
			sourceTree = "<group>";
		};
/* End PBXGroup section */

/* Begin PBXNativeTarget section */
		000413A124D3EC9F00150EE0 /* 利息 */ = {
			isa = PBXNativeTarget;
			buildConfigurationList = 000413A624D3EC9F00150EE0 /* Build configuration list for PBXNativeTarget "利息" */;
			buildPhases = (
				0004139E24D3EC9F00150EE0 /* Sources */,
				0004139F24D3EC9F00150EE0 /* Frameworks */,
				000413A024D3EC9F00150EE0 /* CopyFiles */,
			);
			buildRules = (
			);
			dependencies = (
			);
			name = "利息";
			productName = "利息";
			productReference = 000413A224D3EC9F00150EE0 /* 利息 */;
			productType = "com.apple.product-type.tool";
		};
		000413AC24D3F0BE00150EE0 /* 循环' */ = {
			isa = PBXNativeTarget;
			buildConfigurationList = 000413B124D3F0BE00150EE0 /* Build configuration list for PBXNativeTarget "循环'" */;
			buildPhases = (
				000413A924D3F0BE00150EE0 /* Sources */,
				000413AA24D3F0BE00150EE0 /* Frameworks */,
				000413AB24D3F0BE00150EE0 /* CopyFiles */,
			);
			buildRules = (
			);
			dependencies = (
			);
			name = "循环'";
			productName = "循环'";
			productReference = 000413AD24D3F0BE00150EE0 /* 循环' */;
			productType = "com.apple.product-type.tool";
		};
		000413B724D3F1EB00150EE0 /* 前n项和 */ = {
			isa = PBXNativeTarget;
			buildConfigurationList = 000413BC24D3F1EB00150EE0 /* Build configuration list for PBXNativeTarget "前n项和" */;
			buildPhases = (
				000413B424D3F1EB00150EE0 /* Sources */,
				000413B524D3F1EB00150EE0 /* Frameworks */,
				000413B624D3F1EB00150EE0 /* CopyFiles */,
			);
			buildRules = (
			);
			dependencies = (
			);
			name = "前n项和";
			productName = "前n项和";
			productReference = 000413B824D3F1EB00150EE0 /* 前n项和 */;
			productType = "com.apple.product-type.tool";
		};
		000413C224D3F40200150EE0 /* n的阶乘 */ = {
			isa = PBXNativeTarget;
			buildConfigurationList = 000413C724D3F40200150EE0 /* Build configuration list for PBXNativeTarget "n的阶乘" */;
			buildPhases = (
				000413BF24D3F40200150EE0 /* Sources */,
				000413C024D3F40200150EE0 /* Frameworks */,
				000413C124D3F40200150EE0 /* CopyFiles */,
			);
			buildRules = (
			);
			dependencies = (
			);
			name = "n的阶乘";
			productName = "n的阶乘";
			productReference = 000413C324D3F40200150EE0 /* n的阶乘 */;
			productType = "com.apple.product-type.tool";
		};
		000413CD24D3F68900150EE0 /* pai */ = {
			isa = PBXNativeTarget;
			buildConfigurationList = 000413D224D3F68900150EE0 /* Build configuration list for PBXNativeTarget "pai" */;
			buildPhases = (
				000413CA24D3F68900150EE0 /* Sources */,
				000413CB24D3F68900150EE0 /* Frameworks */,
				000413CC24D3F68900150EE0 /* CopyFiles */,
			);
			buildRules = (
			);
			dependencies = (
			);
			name = pai;
			productName = pai;
			productReference = 000413CE24D3F68900150EE0 /* pai */;
			productType = "com.apple.product-type.tool";
		};
/* End PBXNativeTarget section */

/* Begin PBXProject section */
		0004138C24D3E9C800150EE0 /* Project object */ = {
			isa = PBXProject;
			attributes = {
				LastUpgradeCheck = 1130;
				ORGANIZATIONNAME = edz;
				TargetAttributes = {
					000413A124D3EC9F00150EE0 = {
						CreatedOnToolsVersion = 11.3.1;
					};
					000413AC24D3F0BE00150EE0 = {
						CreatedOnToolsVersion = 11.3.1;
					};
					000413B724D3F1EB00150EE0 = {
						CreatedOnToolsVersion = 11.3.1;
					};
					000413C224D3F40200150EE0 = {
						CreatedOnToolsVersion = 11.3.1;
					};
					000413CD24D3F68900150EE0 = {
						CreatedOnToolsVersion = 11.3.1;
					};
				};
			};
			buildConfigurationList = 0004138F24D3E9C800150EE0 /* Build configuration list for PBXProject "2020-7" */;
			compatibilityVersion = "Xcode 9.3";
			developmentRegion = en;
			hasScannedForEncodings = 0;
			knownRegions = (
				en,
				Base,
			);
			mainGroup = 0004138B24D3E9C800150EE0;
			productRefGroup = 0004139524D3E9C800150EE0 /* Products */;
			projectDirPath = "";
			projectRoot = "";
			targets = (
				000413A124D3EC9F00150EE0 /* 利息 */,
				000413AC24D3F0BE00150EE0 /* 循环' */,
				000413B724D3F1EB00150EE0 /* 前n项和 */,
				000413C224D3F40200150EE0 /* n的阶乘 */,
				000413CD24D3F68900150EE0 /* pai */,
			);
		};
/* End PBXProject section */

/* Begin PBXSourcesBuildPhase section */
		0004139E24D3EC9F00150EE0 /* Sources */ = {
			isa = PBXSourcesBuildPhase;
			buildActionMask = 2147483647;
			files = (
				000413A524D3EC9F00150EE0 /* main.c in Sources */,
			);
			runOnlyForDeploymentPostprocessing = 0;
		};
		000413A924D3F0BE00150EE0 /* Sources */ = {
			isa = PBXSourcesBuildPhase;
			buildActionMask = 2147483647;
			files = (
				000413B024D3F0BE00150EE0 /* main.c in Sources */,
			);
			runOnlyForDeploymentPostprocessing = 0;
		};
		000413B424D3F1EB00150EE0 /* Sources */ = {
			isa = PBXSourcesBuildPhase;
			buildActionMask = 2147483647;
			files = (
				000413BB24D3F1EB00150EE0 /* main.c in Sources */,
			);
			runOnlyForDeploymentPostprocessing = 0;
		};
		000413BF24D3F40200150EE0 /* Sources */ = {
			isa = PBXSourcesBuildPhase;
			buildActionMask = 2147483647;
			files = (
				000413C624D3F40200150EE0 /* main.c in Sources */,
			);
			runOnlyForDeploymentPostprocessing = 0;
		};
		000413CA24D3F68900150EE0 /* Sources */ = {
			isa = PBXSourcesBuildPhase;
			buildActionMask = 2147483647;
			files = (
				000413D124D3F68900150EE0 /* main.c in Sources */,
			);
			runOnlyForDeploymentPostprocessing = 0;
		};
/* End PBXSourcesBuildPhase section */

/* Begin XCBuildConfiguration section */
		0004139924D3E9C800150EE0 /* Debug */ = {
			isa = XCBuildConfiguration;
			buildSettings = {
				ALWAYS_SEARCH_USER_PATHS = NO;
				CLANG_ANALYZER_NONNULL = YES;
				CLANG_ANALYZER_NUMBER_OBJECT_CONVERSION = YES_AGGRESSIVE;
				CLANG_CXX_LANGUAGE_STANDARD = "gnu++14";
				CLANG_CXX_LIBRARY = "libc++";
				CLANG_ENABLE_MODULES = YES;
				CLANG_ENABLE_OBJC_ARC = YES;
				CLANG_ENABLE_OBJC_WEAK = YES;
				CLANG_WARN_BLOCK_CAPTURE_AUTORELEASING = YES;
				CLANG_WARN_BOOL_CONVERSION = YES;
				CLANG_WARN_COMMA = YES;
				CLANG_WARN_CONSTANT_CONVERSION = YES;
				CLANG_WARN_DEPRECATED_OBJC_IMPLEMENTATIONS = YES;
				CLANG_WARN_DIRECT_OBJC_ISA_USAGE = YES_ERROR;
				CLANG_WARN_DOCUMENTATION_COMMENTS = YES;
				CLANG_WARN_EMPTY_BODY = YES;
				CLANG_WARN_ENUM_CONVERSION = YES;
				CLANG_WARN_INFINITE_RECURSION = YES;
				CLANG_WARN_INT_CONVERSION = YES;
				CLANG_WARN_NON_LITERAL_NULL_CONVERSION = YES;
				CLANG_WARN_OBJC_IMPLICIT_RETAIN_SELF = YES;
				CLANG_WARN_OBJC_LITERAL_CONVERSION = YES;
				CLANG_WARN_OBJC_ROOT_CLASS = YES_ERROR;
				CLANG_WARN_RANGE_LOOP_ANALYSIS = YES;
				CLANG_WARN_STRICT_PROTOTYPES = YES;
				CLANG_WARN_SUSPICIOUS_MOVE = YES;
				CLANG_WARN_UNGUARDED_AVAILABILITY = YES_AGGRESSIVE;
				CLANG_WARN_UNREACHABLE_CODE = YES;
				CLANG_WARN__DUPLICATE_METHOD_MATCH = YES;
				COPY_PHASE_STRIP = NO;
				DEBUG_INFORMATION_FORMAT = dwarf;
				ENABLE_STRICT_OBJC_MSGSEND = YES;
				ENABLE_TESTABILITY = YES;
				GCC_C_LANGUAGE_STANDARD = gnu11;
				GCC_DYNAMIC_NO_PIC = NO;
				GCC_NO_COMMON_BLOCKS = YES;
				GCC_OPTIMIZATION_LEVEL = 0;
				GCC_PREPROCESSOR_DEFINITIONS = (
					"DEBUG=1",
					"$(inherited)",
				);
				GCC_WARN_64_TO_32_BIT_CONVERSION = YES;
				GCC_WARN_ABOUT_RETURN_TYPE = YES_ERROR;
				GCC_WARN_UNDECLARED_SELECTOR = YES;
				GCC_WARN_UNINITIALIZED_AUTOS = YES_AGGRESSIVE;
				GCC_WARN_UNUSED_FUNCTION = YES;
				GCC_WARN_UNUSED_VARIABLE = YES;
				MACOSX_DEPLOYMENT_TARGET = 10.14;
				MTL_ENABLE_DEBUG_INFO = INCLUDE_SOURCE;
				MTL_FAST_MATH = YES;
				ONLY_ACTIVE_ARCH = YES;
				SDKROOT = macosx;
			};
			name = Debug;
		};
		0004139A24D3E9C800150EE0 /* Release */ = {
			isa = XCBuildConfiguration;
			buildSettings = {
				ALWAYS_SEARCH_USER_PATHS = NO;
				CLANG_ANALYZER_NONNULL = YES;
				CLANG_ANALYZER_NUMBER_OBJECT_CONVERSION = YES_AGGRESSIVE;
				CLANG_CXX_LANGUAGE_STANDARD = "gnu++14";
				CLANG_CXX_LIBRARY = "libc++";
				CLANG_ENABLE_MODULES = YES;
				CLANG_ENABLE_OBJC_ARC = YES;
				CLANG_ENABLE_OBJC_WEAK = YES;
				CLANG_WARN_BLOCK_CAPTURE_AUTORELEASING = YES;
				CLANG_WARN_BOOL_CONVERSION = YES;
				CLANG_WARN_COMMA = YES;
				CLANG_WARN_CONSTANT_CONVERSION = YES;
				CLANG_WARN_DEPRECATED_OBJC_IMPLEMENTATIONS = YES;
				CLANG_WARN_DIRECT_OBJC_ISA_USAGE = YES_ERROR;
				CLANG_WARN_DOCUMENTATION_COMMENTS = YES;
				CLANG_WARN_EMPTY_BODY = YES;
				CLANG_WARN_ENUM_CONVERSION = YES;
				CLANG_WARN_INFINITE_RECURSION = YES;
				CLANG_WARN_INT_CONVERSION = YES;
				CLANG_WARN_NON_LITERAL_NULL_CONVERSION = YES;
				CLANG_WARN_OBJC_IMPLICIT_RETAIN_SELF = YES;
				CLANG_WARN_OBJC_LITERAL_CONVERSION = YES;
				CLANG_WARN_OBJC_ROOT_CLASS = YES_ERROR;
				CLANG_WARN_RANGE_LOOP_ANALYSIS = YES;
				CLANG_WARN_STRICT_PROTOTYPES = YES;
				CLANG_WARN_SUSPICIOUS_MOVE = YES;
				CLANG_WARN_UNGUARDED_AVAILABILITY = YES_AGGRESSIVE;
				CLANG_WARN_UNREACHABLE_CODE = YES;
				CLANG_WARN__DUPLICATE_METHOD_MATCH = YES;
				COPY_PHASE_STRIP = NO;
				DEBUG_INFORMATION_FORMAT = "dwarf-with-dsym";
				ENABLE_NS_ASSERTIONS = NO;
				ENABLE_STRICT_OBJC_MSGSEND = YES;
				GCC_C_LANGUAGE_STANDARD = gnu11;
				GCC_NO_COMMON_BLOCKS = YES;
				GCC_WARN_64_TO_32_BIT_CONVERSION = YES;
				GCC_WARN_ABOUT_RETURN_TYPE = YES_ERROR;
				GCC_WARN_UNDECLARED_SELECTOR = YES;
				GCC_WARN_UNINITIALIZED_AUTOS = YES_AGGRESSIVE;
				GCC_WARN_UNUSED_FUNCTION = YES;
				GCC_WARN_UNUSED_VARIABLE = YES;
				MACOSX_DEPLOYMENT_TARGET = 10.14;
				MTL_ENABLE_DEBUG_INFO = NO;
				MTL_FAST_MATH = YES;
				SDKROOT = macosx;
			};
			name = Release;
		};
		000413A724D3EC9F00150EE0 /* Debug */ = {
			isa = XCBuildConfiguration;
			buildSettings = {
				CODE_SIGN_STYLE = Automatic;
				PRODUCT_NAME = "$(TARGET_NAME)";
			};
			name = Debug;
		};
		000413A824D3EC9F00150EE0 /* Release */ = {
			isa = XCBuildConfiguration;
			buildSettings = {
				CODE_SIGN_STYLE = Automatic;
				PRODUCT_NAME = "$(TARGET_NAME)";
			};
			name = Release;
		};
		000413B224D3F0BE00150EE0 /* Debug */ = {
			isa = XCBuildConfiguration;
			buildSettings = {
				CODE_SIGN_STYLE = Automatic;
				PRODUCT_NAME = "$(TARGET_NAME)";
			};
			name = Debug;
		};
		000413B324D3F0BE00150EE0 /* Release */ = {
			isa = XCBuildConfiguration;
			buildSettings = {
				CODE_SIGN_STYLE = Automatic;
				PRODUCT_NAME = "$(TARGET_NAME)";
			};
			name = Release;
		};
		000413BD24D3F1EB00150EE0 /* Debug */ = {
			isa = XCBuildConfiguration;
			buildSettings = {
				CODE_SIGN_STYLE = Automatic;
				PRODUCT_NAME = "$(TARGET_NAME)";
			};
			name = Debug;
		};
		000413BE24D3F1EB00150EE0 /* Release */ = {
			isa = XCBuildConfiguration;
			buildSettings = {
				CODE_SIGN_STYLE = Automatic;
				PRODUCT_NAME = "$(TARGET_NAME)";
			};
			name = Release;
		};
		000413C824D3F40200150EE0 /* Debug */ = {
			isa = XCBuildConfiguration;
			buildSettings = {
				CODE_SIGN_STYLE = Automatic;
				PRODUCT_NAME = "$(TARGET_NAME)";
			};
			name = Debug;
		};
		000413C924D3F40200150EE0 /* Release */ = {
			isa = XCBuildConfiguration;
			buildSettings = {
				CODE_SIGN_STYLE = Automatic;
				PRODUCT_NAME = "$(TARGET_NAME)";
			};
			name = Release;
		};
		000413D324D3F68900150EE0 /* Debug */ = {
			isa = XCBuildConfiguration;
			buildSettings = {
				CODE_SIGN_STYLE = Automatic;
				PRODUCT_NAME = "$(TARGET_NAME)";
			};
			name = Debug;
		};
		000413D424D3F68900150EE0 /* Release */ = {
			isa = XCBuildConfiguration;
			buildSettings = {
				CODE_SIGN_STYLE = Automatic;
				PRODUCT_NAME = "$(TARGET_NAME)";
			};
			name = Release;
		};
/* End XCBuildConfiguration section */

/* Begin XCConfigurationList section */
		0004138F24D3E9C800150EE0 /* Build configuration list for PBXProject "2020-7" */ = {
			isa = XCConfigurationList;
			buildConfigurations = (
				0004139924D3E9C800150EE0 /* Debug */,
				0004139A24D3E9C800150EE0 /* Release */,
			);
			defaultConfigurationIsVisible = 0;
			defaultConfigurationName = Release;
		};
		000413A624D3EC9F00150EE0 /* Build configuration list for PBXNativeTarget "利息" */ = {
			isa = XCConfigurationList;
			buildConfigurations = (
				000413A724D3EC9F00150EE0 /* Debug */,
				000413A824D3EC9F00150EE0 /* Release */,
			);
			defaultConfigurationIsVisible = 0;
			defaultConfigurationName = Release;
		};
		000413B124D3F0BE00150EE0 /* Build configuration list for PBXNativeTarget "循环'" */ = {
			isa = XCConfigurationList;
			buildConfigurations = (
				000413B224D3F0BE00150EE0 /* Debug */,
				000413B324D3F0BE00150EE0 /* Release */,
			);
			defaultConfigurationIsVisible = 0;
			defaultConfigurationName = Release;
		};
		000413BC24D3F1EB00150EE0 /* Build configuration list for PBXNativeTarget "前n项和" */ = {
			isa = XCConfigurationList;
			buildConfigurations = (
				000413BD24D3F1EB00150EE0 /* Debug */,
				000413BE24D3F1EB00150EE0 /* Release */,
			);
			defaultConfigurationIsVisible = 0;
			defaultConfigurationName = Release;
		};
		000413C724D3F40200150EE0 /* Build configuration list for PBXNativeTarget "n的阶乘" */ = {
			isa = XCConfigurationList;
			buildConfigurations = (
				000413C824D3F40200150EE0 /* Debug */,
				000413C924D3F40200150EE0 /* Release */,
			);
			defaultConfigurationIsVisible = 0;
			defaultConfigurationName = Release;
		};
		000413D224D3F68900150EE0 /* Build configuration list for PBXNativeTarget "pai" */ = {
			isa = XCConfigurationList;
			buildConfigurations = (
				000413D324D3F68900150EE0 /* Debug */,
				000413D424D3F68900150EE0 /* Release */,
			);
			defaultConfigurationIsVisible = 0;
			defaultConfigurationName = Release;
		};
/* End XCConfigurationList section */
	};
	rootObject = 0004138C24D3E9C800150EE0 /* Project object */;
}
